{
  "version": 4,
  "terraform_version": "1.14.6",
  "serial": 44,
  "lineage": "6fb61002-67c9-79fc-e4b6-12519bf317c3",
  "outputs": {},
  "resources": [
    {
      "mode": "data",
      "type": "aws_availability_zones",
      "name": "available",
      "provider": "provider[\"registry.terraform.io/hashicorp/aws\"]",
      "instances": [
        {
          "schema_version": 0,
          "attributes": {
            "all_availability_zones": null,
            "exclude_names": null,
            "exclude_zone_ids": null,
            "filter": null,
            "group_names": [
              "us-east-1-zg-1"
            ],
            "id": "us-east-1",
            "names": [
              "us-east-1a",
              "us-east-1b",
              "us-east-1c",
              "us-east-1d",
              "us-east-1e",
              "us-east-1f"
            ],
            "region": "us-east-1",
            "state": "available",
            "timeouts": null,
            "zone_ids": [
              "use1-az1",
              "use1-az2",
              "use1-az4",
              "use1-az6",
              "use1-az3",
              "use1-az5"
            ]
          },
          "sensitive_attributes": [],
          "identity_schema_version": 0
        }
      ]
    },
    {
      "mode": "data",
      "type": "aws_caller_identity",
      "name": "current",
      "provider": "provider[\"registry.terraform.io/hashicorp/aws\"]",
      "instances": [
        {
          "schema_version": 0,
          "attributes": {
            "account_id": "845573458351",
            "arn": "arn:aws:iam::845573458351:root",
            "id": "845573458351",
            "user_id": "845573458351"
          },
          "sensitive_attributes": [],
          "identity_schema_version": 0
        }
      ]
    },
    {
      "module": "module.eks",
      "mode": "data",
      "type": "tls_certificate",
      "name": "cluster",
      "provider": "provider[\"registry.terraform.io/hashicorp/tls\"]",
      "instances": [
        {
          "index_key": 0,
          "schema_version": 0,
          "attributes": {
            "certificates": [
              {
                "cert_pem": "-----BEGIN CERTIFICATE-----\nMIIEkjCCA3qgAwIBAgITBn+USionzfP6wq4rAfkI7rnExjANBgkqhkiG9w0BAQsF\nADCBmDELMAkGA1UEBhMCVVMxEDAOBgNVBAgTB0FyaXpvbmExEzARBgNVBAcTClNj\nb3R0c2RhbGUxJTAjBgNVBAoTHFN0YXJmaWVsZCBUZWNobm9sb2dpZXMsIEluYy4x\nOzA5BgNVBAMTMlN0YXJmaWVsZCBTZXJ2aWNlcyBSb290IENlcnRpZmljYXRlIEF1\ndGhvcml0eSAtIEcyMB4XDTE1MDUyNTEyMDAwMFoXDTM3MTIzMTAxMDAwMFowOTEL\nMAkGA1UEBhMCVVMxDzANBgNVBAoTBkFtYXpvbjEZMBcGA1UEAxMQQW1hem9uIFJv\nb3QgQ0EgMTCCASIwDQYJKoZIhvcNAQEBBQADggEPADCCAQoCggEBALJ4gHHKeNXj\nca9HgFB0fW7Y14h29Jlo91ghYPl0hAEvrAIthtOgQ3pOsqTQNroBvo3bSMgHFzZM\n9O6II8c+6zf1tRn4SWiw3te5djgdYZ6k/oI2peVKVuRF4fn9tBb6dNqcmzU5L/qw\nIFAGbHrQgLKm+a/sRxmPUDgH3KKHOVj4utWp+UhnMJbulHheb4mjUcAwhmahRWa6\nVOujw5H5SNz/0egwLX0tdHA114gk957EWW67c4cX8jJGKLhD+rcdqsq08p8kDi1L\n93FcXmn/6pUCyziKrlA4b9v7LWIbxcceVOF34GfID5yHI9Y/QCB/IIDEgEw+OyQm\njgSubJrIqg0CAwEAAaOCATEwggEtMA8GA1UdEwEB/wQFMAMBAf8wDgYDVR0PAQH/\nBAQDAgGGMB0GA1UdDgQWBBSEGMyFNOy8DJSULghZnMeyEE4KCDAfBgNVHSMEGDAW\ngBScXwDfqgHXMCs4iKK4bUqc8hGRgzB4BggrBgEFBQcBAQRsMGowLgYIKwYBBQUH\nMAGGImh0dHA6Ly9vY3NwLnJvb3RnMi5hbWF6b250cnVzdC5jb20wOAYIKwYBBQUH\nMAKGLGh0dHA6Ly9jcnQucm9vdGcyLmFtYXpvbnRydXN0LmNvbS9yb290ZzIuY2Vy\nMD0GA1UdHwQ2MDQwMqAwoC6GLGh0dHA6Ly9jcmwucm9vdGcyLmFtYXpvbnRydXN0\nLmNvbS9yb290ZzIuY3JsMBEGA1UdIAQKMAgwBgYEVR0gADANBgkqhkiG9w0BAQsF\nAAOCAQEAYjdCXLwQtT6LLOkMm2xF4gcAevnFWAu5CIw+7bMlPLVvUOTNNWqnkzSW\nMiGpSESrnO09tKpzbeR/FoCJbM8oAxiDR3mjEH4wW6w7sGDgd9QIpuEdfF7Au/ma\neyKdpwAJfqxGF4PcnCZXmTA5YpaP7dreqsXMGz7KQ2hsVxa81Q4gLv7/wmpdLqBK\nbRRYh5TmOTFffHPLkIhqhBGWJ6bt2YFGpn6jcgAKUj6DiAdjd4lpFw85hdKrCEVN\n0FE6/V1dN2RMfjCyVSRCnTawXZwXgWHxyvkQAiSr6w10kY17RSlQOYiypok1JR4U\nakcjMS9cmvqtmg5iUaQqqcT5NJ0hGA==\n-----END CERTIFICATE-----\n",
                "is_ca": true,
                "issuer": "CN=Starfield Services Root Certificate Authority - G2,O=Starfield Technologies\\, Inc.,L=Scottsdale,ST=Arizona,C=US",
                "max_path_length": -1,
                "not_after": "2037-12-31T01:00:00Z",
                "not_before": "2015-05-25T12:00:00Z",
                "public_key_algorithm": "RSA",
                "serial_number": "144918191876577076464031512351042010504348870",
                "sha1_fingerprint": "06b25927c42a721631c1efd9431e648fa62e1e39",
                "signature_algorithm": "SHA256-RSA",
                "subject": "CN=Amazon Root CA 1,O=Amazon,C=US",
                "version": 3
              },
              {
                "cert_pem": "-----BEGIN CERTIFICATE-----\nMIIEXjCCA0agAwIBAgITB3MSOAudZoijOx7Zv5zNpo4ODzANBgkqhkiG9w0BAQsF\nADA5MQswCQYDVQQGEwJVUzEPMA0GA1UEChMGQW1hem9uMRkwFwYDVQQDExBBbWF6\nb24gUm9vdCBDQSAxMB4XDTIyMDgyMzIyMjEyOFoXDTMwMDgyMzIyMjEyOFowPDEL\nMAkGA1UEBhMCVVMxDzANBgNVBAoTBkFtYXpvbjEcMBoGA1UEAxMTQW1hem9uIFJT\nQSAyMDQ4IE0wMTCCASIwDQYJKoZIhvcNAQEBBQADggEPADCCAQoCggEBAOtxLKnL\nH4gokjIwr4pXD3i3NyWVVYesZ1yX0yLI2qIUZ2t88Gfa4gMqs1YSXca1R/lnCKeT\nepWSGA+0+fkQNpp/L4C2T7oTTsddUx7g3ZYzByDTlrwS5HRQQqEFE3O1T5tEJP4t\nf+28IoXsNiEzl3UGzicYgtzj2cWCB41eJgEmJmcf2T8TzzK6a614ZPyq/w4CPAff\nnAV4coz96nW3AyiE2uhuB4zQUIXvgVSycW7sbWLvj5TDXunEpNCRwC4kkZjK7rol\njtT2cbb7W2s4Bkg3R42G3PLqBvt2N32e/0JOTViCk8/iccJ4sXqrS1uUN4iB5Nmv\nJK74csVl+0u0UecCAwEAAaOCAVowggFWMBIGA1UdEwEB/wQIMAYBAf8CAQAwDgYD\nVR0PAQH/BAQDAgGGMB0GA1UdJQQWMBQGCCsGAQUFBwMBBggrBgEFBQcDAjAdBgNV\nHQ4EFgQUgbgOY4qJEhjl+js7UJWf5uWQE4UwHwYDVR0jBBgwFoAUhBjMhTTsvAyU\nlC4IWZzHshBOCggwewYIKwYBBQUHAQEEbzBtMC8GCCsGAQUFBzABhiNodHRwOi8v\nb2NzcC5yb290Y2ExLmFtYXpvbnRydXN0LmNvbTA6BggrBgEFBQcwAoYuaHR0cDov\nL2NydC5yb290Y2ExLmFtYXpvbnRydXN0LmNvbS9yb290Y2ExLmNlcjA/BgNVHR8E\nODA2MDSgMqAwhi5odHRwOi8vY3JsLnJvb3RjYTEuYW1hem9udHJ1c3QuY29tL3Jv\nb3RjYTEuY3JsMBMGA1UdIAQMMAowCAYGZ4EMAQIBMA0GCSqGSIb3DQEBCwUAA4IB\nAQCtAN4CBSMuBjJitGuxlBbkEUDeK/pZwTXv4KqPK0G50fOHOQAd8j21p0cMBgbG\nkfMHVwLU7b0XwZCav0h1ogdPMN1KakK1DT0VwA/+hFvGPJnMV1Kx2G4S1ZaSk0uU\n5QfoiYIIano01J5k4T2HapKQmmOhS/iPtuo00wW+IMLeBuKMn3OLn005hcrOGTad\nhcmeyfhQP7Z+iKHvyoQGi1C0ClymHETx/chhQGDyYSWqB/THwnN15AwLQo0E5V9E\nSJlbe4mBlqeInUsNYugExNf+tOiybcrswBy8OFsd34XOW3rjSUtsuafd9AWySa3h\nxRRrwszrzX/WWGm6wyB+f7C4\n-----END CERTIFICATE-----\n",
                "is_ca": true,
                "issuer": "CN=Amazon Root CA 1,O=Amazon,C=US",
                "max_path_length": 0,
                "not_after": "2030-08-23T22:21:28Z",
                "not_before": "2022-08-23T22:21:28Z",
                "public_key_algorithm": "RSA",
                "serial_number": "166129328851546858514271303855646110030630415",
                "sha1_fingerprint": "2ad974a775f73cbdbbd8f5ac3a49255fa8fb1f8c",
                "signature_algorithm": "SHA256-RSA",
                "subject": "CN=Amazon RSA 2048 M01,O=Amazon,C=US",
                "version": 3
              },
              {
                "cert_pem": "-----BEGIN CERTIFICATE-----\nMIIF3DCCBMSgAwIBAgIQDWSUrLO5Y9qkm2y4CpQ/CTANBgkqhkiG9w0BAQsFADA8\nMQswCQYDVQQGEwJVUzEPMA0GA1UEChMGQW1hem9uMRwwGgYDVQQDExNBbWF6b24g\nUlNBIDIwNDggTTAxMB4XDTI2MDEyNzAwMDAwMFoXDTI3MDIyNTIzNTk1OVowKDEm\nMCQGA1UEAwwdKi5la3MudXMtZWFzdC0xLmFtYXpvbmF3cy5jb20wggEiMA0GCSqG\nSIb3DQEBAQUAA4IBDwAwggEKAoIBAQDjfWC3ScmP3Yt3ENQgpvZzbXg3ZqdR+F5k\n/SIXqF2RRdrDIu3B0CivVPkNbZxS4dUjum7WHRV3+cjhne679pLBzKp/aCqycyVr\nqiGvPsCOywSNgCQ7KGZ7fR9L0o4eQ5vsotNTjF1HDkoVGdjDt8qjFedVngnnLZ2f\n9E/tACJHoCXLbg1BLI/0xXQKZqLiLGUgcLhnZjYn6AW8QgXgGyJMwHo6n13wf8uY\n3RAaOWMsTglOfMrPMKclQBwh4OaWzHD3SLXnjAvdtuErZGWSz01pRY89FfxZWtSf\nxGG+ERvHMAoM2lIbV74Bs0B+qVVAxP658rpMbPevtRrlj+fYkFzvAgMBAAGjggLs\nMIIC6DAfBgNVHSMEGDAWgBSBuA5jiokSGOX6OztQlZ/m5ZAThTAdBgNVHQ4EFgQU\npzXKZp4CIP0/n8bNGf3YAZVaFtIwKAYDVR0RBCEwH4IdKi5la3MudXMtZWFzdC0x\nLmFtYXpvbmF3cy5jb20wEwYDVR0gBAwwCjAIBgZngQwBAgEwDgYDVR0PAQH/BAQD\nAgWgMBMGA1UdJQQMMAoGCCsGAQUFBwMBMDsGA1UdHwQ0MDIwMKAuoCyGKmh0dHA6\nLy9jcmwucjJtMDEuYW1hem9udHJ1c3QuY29tL3IybTAxLmNybDB1BggrBgEFBQcB\nAQRpMGcwLQYIKwYBBQUHMAGGIWh0dHA6Ly9vY3NwLnIybTAxLmFtYXpvbnRydXN0\nLmNvbTA2BggrBgEFBQcwAoYqaHR0cDovL2NydC5yMm0wMS5hbWF6b250cnVzdC5j\nb20vcjJtMDEuY2VyMAwGA1UdEwEB/wQCMAAwggF+BgorBgEEAdZ5AgQCBIIBbgSC\nAWoBaAB1AExj3JjlnB2riPYeij3ero+rRKM3e1+blMP7oZz8wb4mAAABm/3p2vcA\nAAQDAEYwRAIgOCwhiOx8FXqVNu1L+Mv2q8pJCKzIqLFwCE6VAugMkb0CIBu7W9o8\nRWfC1A9XjVWFxJ0uIquBPcEycQMNc8pRKAJFAHcAHJ9oLOn68EVpUPgbloqH3dsy\nENhM5siy44JSSsTPWZ8AAAGb/ena3wAABAMASDBGAiEAjAu69L5N17FqPfmXSt1v\ngM+df4yz50M/fb2LDfmx+xECIQC3B3aoHVNsjqYMmqwQgR4ViKIREwNzCYKBm+W0\nGnlwnwB2AGBMmq96f3dfAdQG/JINyJnrCxx9+MlSG/r6F3c7l4vJAAABm/3p28gA\nAAQDAEcwRQIgMiBVCk6C4EylG885QJIv8X2wpplMtdWJxyt3JVQ56NUCIQC6uZDM\nw0VrwTXkW4eLg73D5Z89Z8tadQwizoXyjBAaYjANBgkqhkiG9w0BAQsFAAOCAQEA\nHMEZInJfTjgc0JTF+C7ZR/8rk1c511SMI9RcmNjnrkoP3pBPQTSEU92bGaCYvOYO\nRMB1bAOk/Ql9kDBSRDcKiOz8wPWZBgyJZRMSVyO5WbLM//8jsP83vmvFNbSo7Tuk\n5R6KAtzOMOymwITZeM6k4saoyB847rmlPDIkD/RRM0Col+Ik8+V3HSdHsnrA/3Ep\n1ICdUJvE0M9oEnbO2DWrCz6yOuz0AcfcmMGTBLqlsFdoJpcXj7c1QcCJaK1B7qaQ\nuQXdywqElVO6BrBxHQROLxjLHXMNblOzvrXYWGkhiQ+0cYYCMBtbhpphhebxnUBV\nuCxvp9/yY1GmsG6lwzLYEw==\n-----END CERTIFICATE-----\n",
                "is_ca": false,
                "issuer": "CN=Amazon RSA 2048 M01,O=Amazon,C=US",
                "max_path_length": -1,
                "not_after": "2027-02-25T23:59:59Z",
                "not_before": "2026-01-27T00:00:00Z",
                "public_key_algorithm": "RSA",
                "serial_number": "17802209110544621593474031143248740105",
                "sha1_fingerprint": "37647fee5fc063960139521aa2400c75db27825b",
                "signature_algorithm": "SHA256-RSA",
                "subject": "CN=*.eks.us-east-1.amazonaws.com",
                "version": 3
              }
            ],
            "content": null,
            "id": "b1b539daa206035ae3c3e28288b0681fa1b462f3",
            "url": "https://oidc.eks.us-east-1.amazonaws.com/id/E0BBB30C999FAF30681579F907CA526E",
            "verify_chain": true
          },
          "sensitive_attributes": [],
          "identity_schema_version": 0
        }
      ]
    },
    {
      "module": "module.eks",
      "mode": "managed",
      "type": "aws_cloudwatch_log_group",
      "name": "eks",
      "provider": "provider[\"registry.terraform.io/hashicorp/aws\"]",
      "instances": [
        {
          "schema_version": 0,
          "attributes": {
            "arn": "arn:aws:logs:us-east-1:845573458351:log-group:/aws/eks/day20-eks/cluster",
            "deletion_protection_enabled": false,
            "id": "/aws/eks/day20-eks/cluster",
            "kms_key_id": "",
            "log_group_class": "STANDARD",
            "name": "/aws/eks/day20-eks/cluster",
            "name_prefix": "",
            "region": "us-east-1",
            "retention_in_days": 7,
            "skip_destroy": false,
            "tags": {
              "Environment": "development",
              "Project": "EKS-Day20",
              "Terraform": "true"
            },
            "tags_all": {
              "Environment": "development",
              "Project": "EKS-Day20",
              "Terraform": "true"
            }
          },
          "sensitive_attributes": [],
          "identity_schema_version": 0,
          "identity": {
            "account_id": "845573458351",
            "name": "/aws/eks/day20-eks/cluster",
            "region": "us-east-1"
          },
          "private": "bnVsbA==",
          "dependencies": [
            "module.iam.aws_iam_role.cluster",
            "module.iam.aws_iam_role.node_group",
            "module.iam.aws_iam_role_policy_attachment.cluster_policy",
            "module.iam.aws_iam_role_policy_attachment.cluster_vpc_resource_controller",
            "module.iam.aws_iam_role_policy_attachment.node_cni_policy",
            "module.iam.aws_iam_role_policy_attachment.node_registry_policy",
            "module.iam.aws_iam_role_policy_attachment.node_worker_policy"
          ]
        }
      ]
    },
    {
      "module": "module.eks",
      "mode": "managed",
      "type": "aws_eks_addon",
      "name": "kube_proxy",
      "provider": "provider[\"registry.terraform.io/hashicorp/aws\"]",
      "instances": [
        {
          "schema_version": 0,
          "attributes": {
            "addon_name": "kube-proxy",
            "addon_version": "v1.31.10-eksbuild.12",
            "arn": "arn:aws:eks:us-east-1:845573458351:addon/day20-eks/kube-proxy/f6ce8b91-690a-dc1e-9096-1c4ea9073f7c",
            "cluster_name": "day20-eks",
            "configuration_values": "",
            "created_at": "2026-03-22T20:00:51Z",
            "id": "day20-eks:kube-proxy",
            "modified_at": "2026-03-22T20:00:57Z",
            "pod_identity_association": [],
            "preserve": null,
            "region": "us-east-1",
            "resolve_conflicts_on_create": "OVERWRITE",
            "resolve_conflicts_on_update": "OVERWRITE",
            "service_account_role_arn": "",
            "tags": {
              "Environment": "development",
              "Project": "EKS-Day20",
              "Terraform": "true"
            },
            "tags_all": {
              "Environment": "development",
              "Project": "EKS-Day20",
              "Terraform": "true"
            },
            "timeouts": null
          },
          "sensitive_attributes": [],
          "identity_schema_version": 0,
          "private": "eyJlMmJmYjczMC1lY2FhLTExZTYtOGY4OC0zNDM2M2JjN2M0YzAiOnsiY3JlYXRlIjoxMjAwMDAwMDAwMDAwLCJkZWxldGUiOjI0MDAwMDAwMDAwMDAsInVwZGF0ZSI6MTIwMDAwMDAwMDAwMH19",
          "dependencies": [
            "data.aws_availability_zones.available",
            "module.eks.aws_cloudwatch_log_group.eks",
            "module.eks.aws_eks_cluster.main",
            "module.eks.aws_kms_key.eks",
            "module.eks.aws_security_group.cluster",
            "module.iam.aws_iam_role.cluster",
            "module.iam.aws_iam_role.node_group",
            "module.iam.aws_iam_role_policy_attachment.cluster_policy",
            "module.iam.aws_iam_role_policy_attachment.cluster_vpc_resource_controller",
            "module.iam.aws_iam_role_policy_attachment.node_cni_policy",
            "module.iam.aws_iam_role_policy_attachment.node_registry_policy",
            "module.iam.aws_iam_role_policy_attachment.node_worker_policy",
            "module.vpc.aws_subnet.private",
            "module.vpc.aws_vpc.main"
          ]
        }
      ]
    },
    {
      "module": "module.eks",
      "mode": "managed",
      "type": "aws_eks_addon",
      "name": "vpc_cni",
      "provider": "provider[\"registry.terraform.io/hashicorp/aws\"]",
      "instances": [
        {
          "schema_version": 0,
          "attributes": {
            "addon_name": "vpc-cni",
            "addon_version": "v1.20.4-eksbuild.2",
            "arn": "arn:aws:eks:us-east-1:845573458351:addon/day20-eks/vpc-cni/f4ce8b91-6908-4818-c4d3-bc155207795a",
            "cluster_name": "day20-eks",
            "configuration_values": "",
            "created_at": "2026-03-22T20:00:51Z",
            "id": "day20-eks:vpc-cni",
            "modified_at": "2026-03-22T20:01:18Z",
            "pod_identity_association": [],
            "preserve": null,
            "region": "us-east-1",
            "resolve_conflicts_on_create": "OVERWRITE",
            "resolve_conflicts_on_update": "OVERWRITE",
            "service_account_role_arn": "",
            "tags": {
              "Environment": "development",
              "Project": "EKS-Day20",
              "Terraform": "true"
            },
            "tags_all": {
              "Environment": "development",
              "Project": "EKS-Day20",
              "Terraform": "true"
            },
            "timeouts": null
          },
          "sensitive_attributes": [],
          "identity_schema_version": 0,
          "private": "eyJlMmJmYjczMC1lY2FhLTExZTYtOGY4OC0zNDM2M2JjN2M0YzAiOnsiY3JlYXRlIjoxMjAwMDAwMDAwMDAwLCJkZWxldGUiOjI0MDAwMDAwMDAwMDAsInVwZGF0ZSI6MTIwMDAwMDAwMDAwMH19",
          "dependencies": [
            "data.aws_availability_zones.available",
            "module.eks.aws_cloudwatch_log_group.eks",
            "module.eks.aws_eks_cluster.main",
            "module.eks.aws_kms_key.eks",
            "module.eks.aws_security_group.cluster",
            "module.iam.aws_iam_role.cluster",
            "module.iam.aws_iam_role.node_group",
            "module.iam.aws_iam_role_policy_attachment.cluster_policy",
            "module.iam.aws_iam_role_policy_attachment.cluster_vpc_resource_controller",
            "module.iam.aws_iam_role_policy_attachment.node_cni_policy",
            "module.iam.aws_iam_role_policy_attachment.node_registry_policy",
            "module.iam.aws_iam_role_policy_attachment.node_worker_policy",
            "module.vpc.aws_subnet.private",
            "module.vpc.aws_vpc.main"
          ]
        }
      ]
    },
    {
      "module": "module.eks",
      "mode": "managed",
      "type": "aws_eks_cluster",
      "name": "main",
      "provider": "provider[\"registry.terraform.io/hashicorp/aws\"]",
      "instances": [
        {
          "schema_version": 1,
          "attributes": {
            "access_config": [
              {
                "authentication_mode": "CONFIG_MAP",
                "bootstrap_cluster_creator_admin_permissions": true
              }
            ],
            "arn": "arn:aws:eks:us-east-1:845573458351:cluster/day20-eks",
            "bootstrap_self_managed_addons": true,
            "certificate_authority": [
              {
                "data": "LS0tLS1CRUdJTiBDRVJUSUZJQ0FURS0tLS0tCk1JSURCVENDQWUyZ0F3SUJBZ0lJR3VnbG5aTThMSm93RFFZSktvWklodmNOQVFFTEJRQXdGVEVUTUJFR0ExVUUKQXhNS2EzVmlaWEp1WlhSbGN6QWVGdzB5TmpBek1qSXhPVFV4TWpSYUZ3MHpOakF6TVRreE9UVTJNalJhTUJVeApFekFSQmdOVkJBTVRDbXQxWW1WeWJtVjBaWE13Z2dFaU1BMEdDU3FHU0liM0RRRUJBUVVBQTRJQkR3QXdnZ0VLCkFvSUJBUUNrTjlVYjl5WkNnTlJ1cUIybkFkWjdOcnRaL1pnMFJLT05DbGhIbi9EbVNFdGdHSXRlUGcrSTZub2UKRFFIR1lhSU9GSTgxRmZPRVE0VzNZT1NEUmExTE9EOXU4aWRPZG80OUpYb3JLR2JVS1dDOG5aclFsZE1jOVl0VwpLcWtabmIvWEEvSlJ5VDRpTUxaL0thOXZUYjBtSko1UkFZUi96ZmhlcFdCQ09SemxtWjVYZ01Vank0eVFqbWtDCjBDeDdabnE0Z01NcXV1ZE4vbHNmVm8xb21aRU1tU3EvcVVraFBNZ05JdzFnYk5TM2ppcXU2S09iK0dzYlh3cjgKMkwvdzd6b0YyYVd6ZVVXWVBHaFd6eEhkNmsrMk1Qc2dnMDczZGNhRUViZWIyT01kVW5wM25wY3FwdDNnVjNZSgoweDhHdUNDcEtjWjV6YnpvaUNXcEh1SzRJUG81QWdNQkFBR2pXVEJYTUE0R0ExVWREd0VCL3dRRUF3SUNwREFQCkJnTlZIUk1CQWY4RUJUQURBUUgvTUIwR0ExVWREZ1FXQkJTQVVTYUhwVHRWUXBVdGNheDIwYVBIVmhxODdEQVYKQmdOVkhSRUVEakFNZ2dwcmRXSmxjbTVsZEdWek1BMEdDU3FHU0liM0RRRUJDd1VBQTRJQkFRQWtZTFBPZGE1egpzaHg0byttTm1Fa0xSbFFMSmRpNGkxeTYwTlpvSkJDcnJiZUFpN1RLMVNZQk5heTlraDVNQXhGTzF6bG9CSEsrCkdGa0RzeDR4RXdhMTlLYWJtTUN6b0FZNUNDNWx6S0V1MThQczZQazk5dXJOMUFNbFRkL0VxTitEYTMzMGlBQTYKd3BkTUQvMEJKKzBBMlV2MElFbVUyM1AvQ09pK3ZmL0IxTG1udC9LLysvSVZzczNLanBPODNDTmlXMDBucjJCcQpWWmZIVG4yT2ZmMDRMTE9kMXdSRUFBSmEyK1hxdmljWEg0YUNaNXp3K25tU29id29CeEVCR0F4TW4vV0kzWXViCll1cC9BWlpMVlpWMnl4V2wzZ2lJQ0hvdHdCUCtvZEx0YXR0M3NKVGZkL3I5UTA0NGhYQ1pvbk5lTHdLUUpmOW0KMmZxa1M2UnVURjQ5Ci0tLS0tRU5EIENFUlRJRklDQVRFLS0tLS0K"
              }
            ],
            "cluster_id": null,
            "compute_config": [
              {
                "enabled": false,
                "node_pools": [],
                "node_role_arn": ""
              }
            ],
            "control_plane_scaling_config": [
              {
                "tier": "standard"
              }
            ],
            "created_at": "2026-03-22T19:51:11Z",
            "deletion_protection": false,
            "enabled_cluster_log_types": [
              "api",
              "audit",
              "authenticator",
              "controllerManager",
              "scheduler"
            ],
            "encryption_config": [
              {
                "provider": [
                  {
                    "key_arn": "arn:aws:kms:us-east-1:845573458351:key/b1bb392d-282f-45f1-81ca-c33de40561fc"
                  }
                ],
                "resources": [
                  "secrets"
                ]
              }
            ],
            "endpoint": "https://E0BBB30C999FAF30681579F907CA526E.gr7.us-east-1.eks.amazonaws.com",
            "force_update_version": null,
            "id": "day20-eks",
            "identity": [
              {
                "oidc": [
                  {
                    "issuer": "https://oidc.eks.us-east-1.amazonaws.com/id/E0BBB30C999FAF30681579F907CA526E"
                  }
                ]
              }
            ],
            "kubernetes_network_config": [
              {
                "elastic_load_balancing": [
                  {
                    "enabled": false
                  }
                ],
                "ip_family": "ipv4",
                "service_ipv4_cidr": "172.20.0.0/16",
                "service_ipv6_cidr": ""
              }
            ],
            "name": "day20-eks",
            "outpost_config": [],
            "platform_version": "eks.55",
            "region": "us-east-1",
            "remote_network_config": [],
            "role_arn": "arn:aws:iam::845573458351:role/day20-eks-cluster-20260322195052459900000002",
            "status": "ACTIVE",
            "storage_config": [
              {
                "block_storage": [
                  {
                    "enabled": false
                  }
                ]
              }
            ],
            "tags": {
              "Environment": "development",
              "Project": "EKS-Day20",
              "Terraform": "true"
            },
            "tags_all": {
              "Environment": "development",
              "Project": "EKS-Day20",
              "Terraform": "true"
            },
            "timeouts": null,
            "upgrade_policy": [
              {
                "support_type": "EXTENDED"
              }
            ],
            "version": "1.31",
            "vpc_config": [
              {
                "cluster_security_group_id": "sg-0b4da1ea525f6c09e",
                "endpoint_private_access": true,
                "endpoint_public_access": true,
                "public_access_cidrs": [
                  "0.0.0.0/0"
                ],
                "security_group_ids": [
                  "sg-0770591d2e143751d"
                ],
                "subnet_ids": [
                  "subnet-02530385370d59e9e",
                  "subnet-0ab3f70b6d9d63919",
                  "subnet-0be9ef4340f007259"
                ],
                "vpc_id": "vpc-0b681d98e0cb7c51c"
              }
            ],
            "zonal_shift_config": []
          },
          "sensitive_attributes": [],
          "identity_schema_version": 0,
          "private": "eyJlMmJmYjczMC1lY2FhLTExZTYtOGY4OC0zNDM2M2JjN2M0YzAiOnsiY3JlYXRlIjoxODAwMDAwMDAwMDAwLCJkZWxldGUiOjkwMDAwMDAwMDAwMCwidXBkYXRlIjozNjAwMDAwMDAwMDAwfSwic2NoZW1hX3ZlcnNpb24iOiIxIn0=",
          "dependencies": [
            "data.aws_availability_zones.available",
            "module.eks.aws_cloudwatch_log_group.eks",
            "module.eks.aws_kms_key.eks",
            "module.eks.aws_security_group.cluster",
            "module.iam.aws_iam_role.cluster",
            "module.iam.aws_iam_role.node_group",
            "module.iam.aws_iam_role_policy_attachment.cluster_policy",
            "module.iam.aws_iam_role_policy_attachment.cluster_vpc_resource_controller",
            "module.iam.aws_iam_role_policy_attachment.node_cni_policy",
            "module.iam.aws_iam_role_policy_attachment.node_registry_policy",
            "module.iam.aws_iam_role_policy_attachment.node_worker_policy",
            "module.vpc.aws_subnet.private",
            "module.vpc.aws_vpc.main"
          ]
        }
      ]
    },
    {
      "module": "module.eks",
      "mode": "managed",
      "type": "aws_eks_node_group",
      "name": "main",
      "provider": "provider[\"registry.terraform.io/hashicorp/aws\"]",
      "instances": [
        {
          "index_key": "general",
          "status": "tainted",
          "schema_version": 0,
          "attributes": {
            "ami_type": null,
            "arn": null,
            "capacity_type": "ON_DEMAND",
            "cluster_name": "day20-eks",
            "disk_size": null,
            "force_update_version": null,
            "id": "day20-eks:general",
            "instance_types": [
              "t3.medium"
            ],
            "labels": {
              "role": "general"
            },
            "launch_template": [
              {
                "id": "lt-0febe9ea2b3a053ac",
                "name": "",
                "version": "1"
              }
            ],
            "node_group_name": "general",
            "node_group_name_prefix": null,
            "node_repair_config": null,
            "node_role_arn": "arn:aws:iam::845573458351:role/day20-eks-node-20260322195052459700000001",
            "region": "us-east-1",
            "release_version": null,
            "remote_access": [],
            "resources": null,
            "scaling_config": [
              {
                "desired_size": 2,
                "max_size": 4,
                "min_size": 2
              }
            ],
            "status": null,
            "subnet_ids": [
              "subnet-02530385370d59e9e",
              "subnet-0ab3f70b6d9d63919",
              "subnet-0be9ef4340f007259"
            ],
            "tags": {
              "Environment": "development",
              "NodeGroup": "general",
              "Project": "EKS-Day20",
              "Terraform": "true"
            },
            "tags_all": {
              "Environment": "development",
              "NodeGroup": "general",
              "Project": "EKS-Day20",
              "Terraform": "true"
            },
            "taint": [],
            "timeouts": null,
            "update_config": null,
            "version": "1.31"
          },
          "sensitive_attributes": [],
          "identity_schema_version": 0,
          "private": "eyJlMmJmYjczMC1lY2FhLTExZTYtOGY4OC0zNDM2M2JjN2M0YzAiOnsiY3JlYXRlIjozNjAwMDAwMDAwMDAwLCJkZWxldGUiOjM2MDAwMDAwMDAwMDAsInVwZGF0ZSI6MzYwMDAwMDAwMDAwMH19",
          "dependencies": [
            "data.aws_availability_zones.available",
            "module.eks.aws_cloudwatch_log_group.eks",
            "module.eks.aws_eks_addon.kube_proxy",
            "module.eks.aws_eks_addon.vpc_cni",
            "module.eks.aws_eks_cluster.main",
            "module.eks.aws_kms_key.eks",
            "module.eks.aws_launch_template.node",
            "module.eks.aws_security_group.cluster",
            "module.eks.aws_security_group.node",
            "module.iam.aws_iam_role.cluster",
            "module.iam.aws_iam_role.node_group",
            "module.iam.aws_iam_role_policy_attachment.cluster_policy",
            "module.iam.aws_iam_role_policy_attachment.cluster_vpc_resource_controller",
            "module.iam.aws_iam_role_policy_attachment.node_cni_policy",
            "module.iam.aws_iam_role_policy_attachment.node_registry_policy",
            "module.iam.aws_iam_role_policy_attachment.node_worker_policy",
            "module.vpc.aws_subnet.private",
            "module.vpc.aws_vpc.main"
          ]
        },
        {
          "index_key": "spot",
          "status": "tainted",
          "schema_version": 0,
          "attributes": {
            "ami_type": null,
            "arn": null,
            "capacity_type": "SPOT",
            "cluster_name": "day20-eks",
            "disk_size": null,
            "force_update_version": null,
            "id": "day20-eks:spot",
            "instance_types": [
              "t3.medium",
              "t3a.medium"
            ],
            "labels": {
              "role": "spot"
            },
            "launch_template": [
              {
                "id": "lt-06432c44c8ffbaae8",
                "name": "",
                "version": "1"
              }
            ],
            "node_group_name": "spot",
            "node_group_name_prefix": null,
            "node_repair_config": null,
            "node_role_arn": "arn:aws:iam::845573458351:role/day20-eks-node-20260322195052459700000001",
            "region": "us-east-1",
            "release_version": null,
            "remote_access": [],
            "resources": null,
            "scaling_config": [
              {
                "desired_size": 1,
                "max_size": 3,
                "min_size": 1
              }
            ],
            "status": null,
            "subnet_ids": [
              "subnet-02530385370d59e9e",
              "subnet-0ab3f70b6d9d63919",
              "subnet-0be9ef4340f007259"
            ],
            "tags": {
              "Environment": "development",
              "NodeGroup": "spot",
              "Project": "EKS-Day20",
              "Terraform": "true"
            },
            "tags_all": {
              "Environment": "development",
              "NodeGroup": "spot",
              "Project": "EKS-Day20",
              "Terraform": "true"
            },
            "taint": [
              {
                "effect": "NO_SCHEDULE",
                "key": "spot",
                "value": "true"
              }
            ],
            "timeouts": null,
            "update_config": null,
            "version": "1.31"
          },
          "sensitive_attributes": [],
          "identity_schema_version": 0,
          "private": "eyJlMmJmYjczMC1lY2FhLTExZTYtOGY4OC0zNDM2M2JjN2M0YzAiOnsiY3JlYXRlIjozNjAwMDAwMDAwMDAwLCJkZWxldGUiOjM2MDAwMDAwMDAwMDAsInVwZGF0ZSI6MzYwMDAwMDAwMDAwMH19",
          "dependencies": [
            "data.aws_availability_zones.available",
            "module.eks.aws_cloudwatch_log_group.eks",
            "module.eks.aws_eks_addon.kube_proxy",
            "module.eks.aws_eks_addon.vpc_cni",
            "module.eks.aws_eks_cluster.main",
            "module.eks.aws_kms_key.eks",
            "module.eks.aws_launch_template.node",
            "module.eks.aws_security_group.cluster",
            "module.eks.aws_security_group.node",
            "module.iam.aws_iam_role.cluster",
            "module.iam.aws_iam_role.node_group",
            "module.iam.aws_iam_role_policy_attachment.cluster_policy",
            "module.iam.aws_iam_role_policy_attachment.cluster_vpc_resource_controller",
            "module.iam.aws_iam_role_policy_attachment.node_cni_policy",
            "module.iam.aws_iam_role_policy_attachment.node_registry_policy",
            "module.iam.aws_iam_role_policy_attachment.node_worker_policy",
            "module.vpc.aws_subnet.private",
            "module.vpc.aws_vpc.main"
          ]
        }
      ]
    },
    {
      "module": "module.eks",
      "mode": "managed",
      "type": "aws_iam_openid_connect_provider",
      "name": "cluster",
      "provider": "provider[\"registry.terraform.io/hashicorp/aws\"]",
      "instances": [
        {
          "index_key": 0,
          "schema_version": 0,
          "attributes": {
            "arn": "arn:aws:iam::845573458351:oidc-provider/oidc.eks.us-east-1.amazonaws.com/id/E0BBB30C999FAF30681579F907CA526E",
            "client_id_list": [
              "sts.amazonaws.com"
            ],
            "id": "arn:aws:iam::845573458351:oidc-provider/oidc.eks.us-east-1.amazonaws.com/id/E0BBB30C999FAF30681579F907CA526E",
            "tags": {
              "Environment": "development",
              "Name": "day20-eks-oidc-provider",
              "Project": "EKS-Day20",
              "Terraform": "true"
            },
            "tags_all": {
              "Environment": "development",
              "Name": "day20-eks-oidc-provider",
              "Project": "EKS-Day20",
              "Terraform": "true"
            },
            "thumbprint_list": [
              "06b25927c42a721631c1efd9431e648fa62e1e39"
            ],
            "url": "oidc.eks.us-east-1.amazonaws.com/id/E0BBB30C999FAF30681579F907CA526E"
          },
          "sensitive_attributes": [],
          "identity_schema_version": 0,
          "identity": {
            "arn": "arn:aws:iam::845573458351:oidc-provider/oidc.eks.us-east-1.amazonaws.com/id/E0BBB30C999FAF30681579F907CA526E"
          },
          "private": "bnVsbA==",
          "dependencies": [
            "data.aws_availability_zones.available",
            "module.eks.aws_cloudwatch_log_group.eks",
            "module.eks.aws_eks_cluster.main",
            "module.eks.aws_kms_key.eks",
            "module.eks.aws_security_group.cluster",
            "module.eks.data.tls_certificate.cluster",
            "module.iam.aws_iam_role.cluster",
            "module.iam.aws_iam_role.node_group",
            "module.iam.aws_iam_role_policy_attachment.cluster_policy",
            "module.iam.aws_iam_role_policy_attachment.cluster_vpc_resource_controller",
            "module.iam.aws_iam_role_policy_attachment.node_cni_policy",
            "module.iam.aws_iam_role_policy_attachment.node_registry_policy",
            "module.iam.aws_iam_role_policy_attachment.node_worker_policy",
            "module.vpc.aws_subnet.private",
            "module.vpc.aws_vpc.main"
          ]
        }
      ]
    },
    {
      "module": "module.eks",
      "mode": "managed",
      "type": "aws_kms_alias",
      "name": "eks",
      "provider": "provider[\"registry.terraform.io/hashicorp/aws\"]",
      "instances": [
        {
          "schema_version": 0,
          "attributes": {
            "arn": "arn:aws:kms:us-east-1:845573458351:alias/day20-eks-eks",
            "id": "alias/day20-eks-eks",
            "name": "alias/day20-eks-eks",
            "name_prefix": "",
            "region": "us-east-1",
            "target_key_arn": "arn:aws:kms:us-east-1:845573458351:key/b1bb392d-282f-45f1-81ca-c33de40561fc",
            "target_key_id": "b1bb392d-282f-45f1-81ca-c33de40561fc"
          },
          "sensitive_attributes": [],
          "identity_schema_version": 0,
          "identity": {
            "account_id": "845573458351",
            "name": "alias/day20-eks-eks",
            "region": "us-east-1"
          },
          "private": "bnVsbA==",
          "dependencies": [
            "module.eks.aws_kms_key.eks",
            "module.iam.aws_iam_role.cluster",
            "module.iam.aws_iam_role.node_group",
            "module.iam.aws_iam_role_policy_attachment.cluster_policy",
            "module.iam.aws_iam_role_policy_attachment.cluster_vpc_resource_controller",
            "module.iam.aws_iam_role_policy_attachment.node_cni_policy",
            "module.iam.aws_iam_role_policy_attachment.node_registry_policy",
            "module.iam.aws_iam_role_policy_attachment.node_worker_policy"
          ]
        }
      ]
    },
    {
      "module": "module.eks",
      "mode": "managed",
      "type": "aws_kms_key",
      "name": "eks",
      "provider": "provider[\"registry.terraform.io/hashicorp/aws\"]",
      "instances": [
        {
          "schema_version": 0,
          "attributes": {
            "arn": "arn:aws:kms:us-east-1:845573458351:key/b1bb392d-282f-45f1-81ca-c33de40561fc",
            "bypass_policy_lockout_safety_check": false,
            "custom_key_store_id": "",
            "customer_master_key_spec": "SYMMETRIC_DEFAULT",
            "deletion_window_in_days": 7,
            "description": "KMS key for EKS cluster day20-eks encryption",
            "enable_key_rotation": true,
            "id": "b1bb392d-282f-45f1-81ca-c33de40561fc",
            "is_enabled": true,
            "key_id": "b1bb392d-282f-45f1-81ca-c33de40561fc",
            "key_usage": "ENCRYPT_DECRYPT",
            "multi_region": false,
            "policy": "{\"Id\":\"key-default-1\",\"Statement\":[{\"Action\":\"kms:*\",\"Effect\":\"Allow\",\"Principal\":{\"AWS\":\"arn:aws:iam::845573458351:root\"},\"Resource\":\"*\",\"Sid\":\"Enable IAM User Permissions\"}],\"Version\":\"2012-10-17\"}",
            "region": "us-east-1",
            "rotation_period_in_days": 365,
            "tags": {
              "Environment": "development",
              "Name": "day20-eks-eks-kms",
              "Project": "EKS-Day20",
              "Terraform": "true"
            },
            "tags_all": {
              "Environment": "development",
              "Name": "day20-eks-eks-kms",
              "Project": "EKS-Day20",
              "Terraform": "true"
            },
            "timeouts": null,
            "xks_key_id": ""
          },
          "sensitive_attributes": [],
          "identity_schema_version": 0,
          "identity": {
            "account_id": "845573458351",
            "id": "b1bb392d-282f-45f1-81ca-c33de40561fc",
            "region": "us-east-1"
          },
          "private": "eyJlMmJmYjczMC1lY2FhLTExZTYtOGY4OC0zNDM2M2JjN2M0YzAiOnsiY3JlYXRlIjoxMjAwMDAwMDAwMDB9fQ==",
          "dependencies": [
            "module.iam.aws_iam_role.cluster",
            "module.iam.aws_iam_role.node_group",
            "module.iam.aws_iam_role_policy_attachment.cluster_policy",
            "module.iam.aws_iam_role_policy_attachment.cluster_vpc_resource_controller",
            "module.iam.aws_iam_role_policy_attachment.node_cni_policy",
            "module.iam.aws_iam_role_policy_attachment.node_registry_policy",
            "module.iam.aws_iam_role_policy_attachment.node_worker_policy"
          ]
        }
      ]
    },
    {
      "module": "module.eks",
      "mode": "managed",
      "type": "aws_launch_template",
      "name": "node",
      "provider": "provider[\"registry.terraform.io/hashicorp/aws\"]",
      "instances": [
        {
          "index_key": "general",
          "schema_version": 1,
          "attributes": {
            "arn": "arn:aws:ec2:us-east-1:845573458351:launch-template/lt-0febe9ea2b3a053ac",
            "block_device_mappings": [
              {
                "device_name": "/dev/xvda",
                "ebs": [
                  {
                    "delete_on_termination": "true",
                    "encrypted": "true",
                    "iops": 3000,
                    "kms_key_id": "",
                    "snapshot_id": "",
                    "throughput": 125,
                    "volume_initialization_rate": 0,
                    "volume_size": 20,
                    "volume_type": "gp3"
                  }
                ],
                "no_device": "",
                "virtual_name": ""
              }
            ],
            "capacity_reservation_specification": [],
            "cpu_options": [],
            "credit_specification": [],
            "default_version": 1,
            "description": "Launch template for day20-eks general node group",
            "disable_api_stop": false,
            "disable_api_termination": false,
            "ebs_optimized": "",
            "enclave_options": [],
            "hibernation_options": [],
            "iam_instance_profile": [],
            "id": "lt-0febe9ea2b3a053ac",
            "image_id": "",
            "instance_initiated_shutdown_behavior": "",
            "instance_market_options": [],
            "instance_requirements": [],
            "instance_type": "",
            "kernel_id": "",
            "key_name": "",
            "latest_version": 1,
            "license_specification": [],
            "maintenance_options": [],
            "metadata_options": [
              {
                "http_endpoint": "enabled",
                "http_protocol_ipv6": "",
                "http_put_response_hop_limit": 2,
                "http_tokens": "required",
                "instance_metadata_tags": "enabled"
              }
            ],
            "monitoring": [
              {
                "enabled": true
              }
            ],
            "name": "day20-eks-general-20260322195103172200000007",
            "name_prefix": "day20-eks-general-",
            "network_interfaces": [
              {
                "associate_carrier_ip_address": "",
                "associate_public_ip_address": "false",
                "connection_tracking_specification": [],
                "delete_on_termination": "true",
                "description": "",
                "device_index": 0,
                "ena_srd_specification": [],
                "interface_type": "",
                "ipv4_address_count": 0,
                "ipv4_addresses": null,
                "ipv4_prefix_count": 0,
                "ipv4_prefixes": null,
                "ipv6_address_count": 0,
                "ipv6_addresses": null,
                "ipv6_prefix_count": 0,
                "ipv6_prefixes": null,
                "network_card_index": 0,
                "network_interface_id": "",
                "primary_ipv6": "",
                "private_ip_address": "",
                "security_groups": [
                  "sg-036849a0cd509a148"
                ],
                "subnet_id": ""
              }
            ],
            "network_performance_options": [],
            "placement": [],
            "private_dns_name_options": [],
            "ram_disk_id": "",
            "region": "us-east-1",
            "secondary_interfaces": [],
            "security_group_names": null,
            "tag_specifications": [
              {
                "resource_type": "instance",
                "tags": {
                  "Environment": "development",
                  "Name": "day20-eks-general-node",
                  "Project": "EKS-Day20",
                  "Terraform": "true"
                }
              }
            ],
            "tags": {
              "Environment": "development",
              "Project": "EKS-Day20",
              "Terraform": "true"
            },
            "tags_all": {
              "Environment": "development",
              "Project": "EKS-Day20",
              "Terraform": "true"
            },
            "update_default_version": null,
            "user_data": "",
            "vpc_security_group_ids": null
          },
          "sensitive_attributes": [],
          "identity_schema_version": 0,
          "private": "eyJzY2hlbWFfdmVyc2lvbiI6IjEifQ==",
          "dependencies": [
            "module.eks.aws_security_group.node",
            "module.iam.aws_iam_role.cluster",
            "module.iam.aws_iam_role.node_group",
            "module.iam.aws_iam_role_policy_attachment.cluster_policy",
            "module.iam.aws_iam_role_policy_attachment.cluster_vpc_resource_controller",
            "module.iam.aws_iam_role_policy_attachment.node_cni_policy",
            "module.iam.aws_iam_role_policy_attachment.node_registry_policy",
            "module.iam.aws_iam_role_policy_attachment.node_worker_policy",
            "module.vpc.aws_vpc.main"
          ],
          "create_before_destroy": true
        },
        {
          "index_key": "spot",
          "schema_version": 1,
          "attributes": {
            "arn": "arn:aws:ec2:us-east-1:845573458351:launch-template/lt-06432c44c8ffbaae8",
            "block_device_mappings": [
              {
                "device_name": "/dev/xvda",
                "ebs": [
                  {
                    "delete_on_termination": "true",
                    "encrypted": "true",
                    "iops": 3000,
                    "kms_key_id": "",
                    "snapshot_id": "",
                    "throughput": 125,
                    "volume_initialization_rate": 0,
                    "volume_size": 20,
                    "volume_type": "gp3"
                  }
                ],
                "no_device": "",
                "virtual_name": ""
              }
            ],
            "capacity_reservation_specification": [],
            "cpu_options": [],
            "credit_specification": [],
            "default_version": 1,
            "description": "Launch template for day20-eks spot node group",
            "disable_api_stop": false,
            "disable_api_termination": false,
            "ebs_optimized": "",
            "enclave_options": [],
            "hibernation_options": [],
            "iam_instance_profile": [],
            "id": "lt-06432c44c8ffbaae8",
            "image_id": "",
            "instance_initiated_shutdown_behavior": "",
            "instance_market_options": [],
            "instance_requirements": [],
            "instance_type": "",
            "kernel_id": "",
            "key_name": "",
            "latest_version": 1,
            "license_specification": [],
            "maintenance_options": [],
            "metadata_options": [
              {
                "http_endpoint": "enabled",
                "http_protocol_ipv6": "",
                "http_put_response_hop_limit": 2,
                "http_tokens": "required",
                "instance_metadata_tags": "enabled"
              }
            ],
            "monitoring": [
              {
                "enabled": true
              }
            ],
            "name": "day20-eks-spot-20260322195104063200000009",
            "name_prefix": "day20-eks-spot-",
            "network_interfaces": [
              {
                "associate_carrier_ip_address": "",
                "associate_public_ip_address": "false",
                "connection_tracking_specification": [],
                "delete_on_termination": "true",
                "description": "",
                "device_index": 0,
                "ena_srd_specification": [],
                "interface_type": "",
                "ipv4_address_count": 0,
                "ipv4_addresses": null,
                "ipv4_prefix_count": 0,
                "ipv4_prefixes": null,
                "ipv6_address_count": 0,
                "ipv6_addresses": null,
                "ipv6_prefix_count": 0,
                "ipv6_prefixes": null,
                "network_card_index": 0,
                "network_interface_id": "",
                "primary_ipv6": "",
                "private_ip_address": "",
                "security_groups": [
                  "sg-036849a0cd509a148"
                ],
                "subnet_id": ""
              }
            ],
            "network_performance_options": [],
            "placement": [],
            "private_dns_name_options": [],
            "ram_disk_id": "",
            "region": "us-east-1",
            "secondary_interfaces": [],
            "security_group_names": null,
            "tag_specifications": [
              {
                "resource_type": "instance",
                "tags": {
                  "Environment": "development",
                  "Name": "day20-eks-spot-node",
                  "Project": "EKS-Day20",
                  "Terraform": "true"
                }
              }
            ],
            "tags": {
              "Environment": "development",
              "Project": "EKS-Day20",
              "Terraform": "true"
            },
            "tags_all": {
              "Environment": "development",
              "Project": "EKS-Day20",
              "Terraform": "true"
            },
            "update_default_version": null,
            "user_data": "",
            "vpc_security_group_ids": null
          },
          "sensitive_attributes": [],
          "identity_schema_version": 0,
          "private": "eyJzY2hlbWFfdmVyc2lvbiI6IjEifQ==",
          "dependencies": [
            "module.eks.aws_security_group.node",
            "module.iam.aws_iam_role.cluster",
            "module.iam.aws_iam_role.node_group",
            "module.iam.aws_iam_role_policy_attachment.cluster_policy",
            "module.iam.aws_iam_role_policy_attachment.cluster_vpc_resource_controller",
            "module.iam.aws_iam_role_policy_attachment.node_cni_policy",
            "module.iam.aws_iam_role_policy_attachment.node_registry_policy",
            "module.iam.aws_iam_role_policy_attachment.node_worker_policy",
            "module.vpc.aws_vpc.main"
          ],
          "create_before_destroy": true
        }
      ]
    },
    {
      "module": "module.eks",
      "mode": "managed",
      "type": "aws_security_group",
      "name": "cluster",
      "provider": "provider[\"registry.terraform.io/hashicorp/aws\"]",
      "instances": [
        {
          "schema_version": 1,
          "attributes": {
            "arn": "arn:aws:ec2:us-east-1:845573458351:security-group/sg-0770591d2e143751d",
            "description": "Security group for EKS cluster control plane",
            "egress": [
              {
                "cidr_blocks": [
                  "0.0.0.0/0"
                ],
                "description": "Allow all outbound traffic",
                "from_port": 0,
                "ipv6_cidr_blocks": [],
                "prefix_list_ids": [],
                "protocol": "-1",
                "security_groups": [],
                "self": false,
                "to_port": 0
              }
            ],
            "id": "sg-0770591d2e143751d",
            "ingress": [],
            "name": "day20-eks-cluster-sg-20260322195058982800000005",
            "name_prefix": "day20-eks-cluster-sg-",
            "owner_id": "845573458351",
            "region": "us-east-1",
            "revoke_rules_on_delete": false,
            "tags": {
              "Environment": "development",
              "Name": "day20-eks-cluster-sg",
              "Project": "EKS-Day20",
              "Terraform": "true"
            },
            "tags_all": {
              "Environment": "development",
              "Name": "day20-eks-cluster-sg",
              "Project": "EKS-Day20",
              "Terraform": "true"
            },
            "timeouts": null,
            "vpc_id": "vpc-0b681d98e0cb7c51c"
          },
          "sensitive_attributes": [],
          "identity_schema_version": 0,
          "identity": {
            "account_id": "845573458351",
            "id": "sg-0770591d2e143751d",
            "region": "us-east-1"
          },
          "private": "eyJlMmJmYjczMC1lY2FhLTExZTYtOGY4OC0zNDM2M2JjN2M0YzAiOnsiY3JlYXRlIjo2MDAwMDAwMDAwMDAsImRlbGV0ZSI6OTAwMDAwMDAwMDAwfSwic2NoZW1hX3ZlcnNpb24iOiIxIn0=",
          "dependencies": [
            "module.iam.aws_iam_role.cluster",
            "module.iam.aws_iam_role.node_group",
            "module.iam.aws_iam_role_policy_attachment.cluster_policy",
            "module.iam.aws_iam_role_policy_attachment.cluster_vpc_resource_controller",
            "module.iam.aws_iam_role_policy_attachment.node_cni_policy",
            "module.iam.aws_iam_role_policy_attachment.node_registry_policy",
            "module.iam.aws_iam_role_policy_attachment.node_worker_policy",
            "module.vpc.aws_vpc.main"
          ],
          "create_before_destroy": true
        }
      ]
    },
    {
      "module": "module.eks",
      "mode": "managed",
      "type": "aws_security_group",
      "name": "node",
      "provider": "provider[\"registry.terraform.io/hashicorp/aws\"]",
      "instances": [
        {
          "schema_version": 1,
          "attributes": {
            "arn": "arn:aws:ec2:us-east-1:845573458351:security-group/sg-036849a0cd509a148",
            "description": "Security group for EKS worker nodes",
            "egress": [
              {
                "cidr_blocks": [
                  "0.0.0.0/0"
                ],
                "description": "Allow all outbound traffic",
                "from_port": 0,
                "ipv6_cidr_blocks": [],
                "prefix_list_ids": [],
                "protocol": "-1",
                "security_groups": [],
                "self": false,
                "to_port": 0
              }
            ],
            "id": "sg-036849a0cd509a148",
            "ingress": [],
            "name": "day20-eks-node-sg-20260322195059146800000006",
            "name_prefix": "day20-eks-node-sg-",
            "owner_id": "845573458351",
            "region": "us-east-1",
            "revoke_rules_on_delete": false,
            "tags": {
              "Environment": "development",
              "Name": "day20-eks-node-sg",
              "Project": "EKS-Day20",
              "Terraform": "true",
              "kubernetes.io/cluster/day20-eks": "owned"
            },
            "tags_all": {
              "Environment": "development",
              "Name": "day20-eks-node-sg",
              "Project": "EKS-Day20",
              "Terraform": "true",
              "kubernetes.io/cluster/day20-eks": "owned"
            },
            "timeouts": null,
            "vpc_id": "vpc-0b681d98e0cb7c51c"
          },
          "sensitive_attributes": [],
          "identity_schema_version": 0,
          "identity": {
            "account_id": "845573458351",
            "id": "sg-036849a0cd509a148",
            "region": "us-east-1"
          },
          "private": "eyJlMmJmYjczMC1lY2FhLTExZTYtOGY4OC0zNDM2M2JjN2M0YzAiOnsiY3JlYXRlIjo2MDAwMDAwMDAwMDAsImRlbGV0ZSI6OTAwMDAwMDAwMDAwfSwic2NoZW1hX3ZlcnNpb24iOiIxIn0=",
          "dependencies": [
            "module.iam.aws_iam_role.cluster",
            "module.iam.aws_iam_role.node_group",
            "module.iam.aws_iam_role_policy_attachment.cluster_policy",
            "module.iam.aws_iam_role_policy_attachment.cluster_vpc_resource_controller",
            "module.iam.aws_iam_role_policy_attachment.node_cni_policy",
            "module.iam.aws_iam_role_policy_attachment.node_registry_policy",
            "module.iam.aws_iam_role_policy_attachment.node_worker_policy",
            "module.vpc.aws_vpc.main"
          ],
          "create_before_destroy": true
        }
      ]
    },
    {
      "module": "module.eks",
      "mode": "managed",
      "type": "aws_security_group_rule",
      "name": "cluster_to_node",
      "provider": "provider[\"registry.terraform.io/hashicorp/aws\"]",
      "instances": [
        {
          "schema_version": 2,
          "attributes": {
            "cidr_blocks": null,
            "description": "Allow cluster control plane to communicate with nodes",
            "from_port": 1025,
            "id": "sgrule-376725446",
            "ipv6_cidr_blocks": null,
            "prefix_list_ids": null,
            "protocol": "tcp",
            "region": "us-east-1",
            "security_group_id": "sg-036849a0cd509a148",
            "security_group_rule_id": "sgr-04b67410f9a8895f7",
            "self": false,
            "source_security_group_id": "sg-0770591d2e143751d",
            "timeouts": null,
            "to_port": 65535,
            "type": "ingress"
          },
          "sensitive_attributes": [],
          "identity_schema_version": 0,
          "private": "eyJlMmJmYjczMC1lY2FhLTExZTYtOGY4OC0zNDM2M2JjN2M0YzAiOnsiY3JlYXRlIjozMDAwMDAwMDAwMDB9LCJzY2hlbWFfdmVyc2lvbiI6IjIifQ==",
          "dependencies": [
            "module.eks.aws_security_group.cluster",
            "module.eks.aws_security_group.node",
            "module.iam.aws_iam_role.cluster",
            "module.iam.aws_iam_role.node_group",
            "module.iam.aws_iam_role_policy_attachment.cluster_policy",
            "module.iam.aws_iam_role_policy_attachment.cluster_vpc_resource_controller",
            "module.iam.aws_iam_role_policy_attachment.node_cni_policy",
            "module.iam.aws_iam_role_policy_attachment.node_registry_policy",
            "module.iam.aws_iam_role_policy_attachment.node_worker_policy",
            "module.vpc.aws_vpc.main"
          ]
        }
      ]
    },
    {
      "module": "module.eks",
      "mode": "managed",
      "type": "aws_security_group_rule",
      "name": "node_to_cluster",
      "provider": "provider[\"registry.terraform.io/hashicorp/aws\"]",
      "instances": [
        {
          "schema_version": 2,
          "attributes": {
            "cidr_blocks": null,
            "description": "Allow nodes to communicate with cluster API",
            "from_port": 443,
            "id": "sgrule-2642879491",
            "ipv6_cidr_blocks": null,
            "prefix_list_ids": null,
            "protocol": "tcp",
            "region": "us-east-1",
            "security_group_id": "sg-0770591d2e143751d",
            "security_group_rule_id": "sgr-0e832b18f996f534c",
            "self": false,
            "source_security_group_id": "sg-036849a0cd509a148",
            "timeouts": null,
            "to_port": 443,
            "type": "ingress"
          },
          "sensitive_attributes": [],
          "identity_schema_version": 0,
          "private": "eyJlMmJmYjczMC1lY2FhLTExZTYtOGY4OC0zNDM2M2JjN2M0YzAiOnsiY3JlYXRlIjozMDAwMDAwMDAwMDB9LCJzY2hlbWFfdmVyc2lvbiI6IjIifQ==",
          "dependencies": [
            "module.eks.aws_security_group.cluster",
            "module.eks.aws_security_group.node",
            "module.iam.aws_iam_role.cluster",
            "module.iam.aws_iam_role.node_group",
            "module.iam.aws_iam_role_policy_attachment.cluster_policy",
            "module.iam.aws_iam_role_policy_attachment.cluster_vpc_resource_controller",
            "module.iam.aws_iam_role_policy_attachment.node_cni_policy",
            "module.iam.aws_iam_role_policy_attachment.node_registry_policy",
            "module.iam.aws_iam_role_policy_attachment.node_worker_policy",
            "module.vpc.aws_vpc.main"
          ]
        }
      ]
    },
    {
      "module": "module.eks",
      "mode": "managed",
      "type": "aws_security_group_rule",
      "name": "node_to_node",
      "provider": "provider[\"registry.terraform.io/hashicorp/aws\"]",
      "instances": [
        {
          "schema_version": 2,
          "attributes": {
            "cidr_blocks": null,
            "description": "Allow nodes to communicate with each other",
            "from_port": 0,
            "id": "sgrule-1279663936",
            "ipv6_cidr_blocks": null,
            "prefix_list_ids": null,
            "protocol": "-1",
            "region": "us-east-1",
            "security_group_id": "sg-036849a0cd509a148",
            "security_group_rule_id": "sgr-064c2f7ee354e2797",
            "self": true,
            "source_security_group_id": null,
            "timeouts": null,
            "to_port": 65535,
            "type": "ingress"
          },
          "sensitive_attributes": [],
          "identity_schema_version": 0,
          "private": "eyJlMmJmYjczMC1lY2FhLTExZTYtOGY4OC0zNDM2M2JjN2M0YzAiOnsiY3JlYXRlIjozMDAwMDAwMDAwMDB9LCJzY2hlbWFfdmVyc2lvbiI6IjIifQ==",
          "dependencies": [
            "module.eks.aws_security_group.node",
            "module.iam.aws_iam_role.cluster",
            "module.iam.aws_iam_role.node_group",
            "module.iam.aws_iam_role_policy_attachment.cluster_policy",
            "module.iam.aws_iam_role_policy_attachment.cluster_vpc_resource_controller",
            "module.iam.aws_iam_role_policy_attachment.node_cni_policy",
            "module.iam.aws_iam_role_policy_attachment.node_registry_policy",
            "module.iam.aws_iam_role_policy_attachment.node_worker_policy",
            "module.vpc.aws_vpc.main"
          ]
        }
      ]
    },
    {
      "module": "module.iam",
      "mode": "managed",
      "type": "aws_iam_role",
      "name": "cluster",
      "provider": "provider[\"registry.terraform.io/hashicorp/aws\"]",
      "instances": [
        {
          "schema_version": 0,
          "attributes": {
            "arn": "arn:aws:iam::845573458351:role/day20-eks-cluster-20260322195052459900000002",
            "assume_role_policy": "{\"Statement\":[{\"Action\":\"sts:AssumeRole\",\"Effect\":\"Allow\",\"Principal\":{\"Service\":\"eks.amazonaws.com\"}}],\"Version\":\"2012-10-17\"}",
            "create_date": "2026-03-22T19:50:53Z",
            "description": "",
            "force_detach_policies": false,
            "id": "day20-eks-cluster-20260322195052459900000002",
            "inline_policy": [],
            "managed_policy_arns": [],
            "max_session_duration": 3600,
            "name": "day20-eks-cluster-20260322195052459900000002",
            "name_prefix": "day20-eks-cluster-",
            "path": "/",
            "permissions_boundary": "",
            "tags": {
              "Environment": "development",
              "Project": "EKS-Day20",
              "Terraform": "true"
            },
            "tags_all": {
              "Environment": "development",
              "Project": "EKS-Day20",
              "Terraform": "true"
            },
            "unique_id": "AROA4JYA3BGXXKDFGGBZB"
          },
          "sensitive_attributes": [],
          "identity_schema_version": 0,
          "identity": {
            "account_id": "845573458351",
            "name": "day20-eks-cluster-20260322195052459900000002"
          },
          "private": "bnVsbA==",
          "create_before_destroy": true
        }
      ]
    },
    {
      "module": "module.iam",
      "mode": "managed",
      "type": "aws_iam_role",
      "name": "node_group",
      "provider": "provider[\"registry.terraform.io/hashicorp/aws\"]",
      "instances": [
        {
          "schema_version": 0,
          "attributes": {
            "arn": "arn:aws:iam::845573458351:role/day20-eks-node-20260322195052459700000001",
            "assume_role_policy": "{\"Statement\":[{\"Action\":\"sts:AssumeRole\",\"Effect\":\"Allow\",\"Principal\":{\"Service\":\"ec2.amazonaws.com\"}}],\"Version\":\"2012-10-17\"}",
            "create_date": "2026-03-22T19:50:53Z",
            "description": "",
            "force_detach_policies": false,
            "id": "day20-eks-node-20260322195052459700000001",
            "inline_policy": [],
            "managed_policy_arns": [],
            "max_session_duration": 3600,
            "name": "day20-eks-node-20260322195052459700000001",
            "name_prefix": "day20-eks-node-",
            "path": "/",
            "permissions_boundary": "",
            "tags": {
              "Environment": "development",
              "Project": "EKS-Day20",
              "Terraform": "true"
            },
            "tags_all": {
              "Environment": "development",
              "Project": "EKS-Day20",
              "Terraform": "true"
            },
            "unique_id": "AROA4JYA3BGXVCMVNZR3I"
          },
          "sensitive_attributes": [],
          "identity_schema_version": 0,
          "identity": {
            "account_id": "845573458351",
            "name": "day20-eks-node-20260322195052459700000001"
          },
          "private": "bnVsbA==",
          "create_before_destroy": true
        }
      ]
    },
    {
      "module": "module.iam",
      "mode": "managed",
      "type": "aws_iam_role_policy_attachment",
      "name": "cluster_policy",
      "provider": "provider[\"registry.terraform.io/hashicorp/aws\"]",
      "instances": [
        {
          "schema_version": 0,
          "attributes": {
            "id": "day20-eks-cluster-20260322195052459900000002/arn:aws:iam::aws:policy/AmazonEKSClusterPolicy",
            "policy_arn": "arn:aws:iam::aws:policy/AmazonEKSClusterPolicy",
            "role": "day20-eks-cluster-20260322195052459900000002"
          },
          "sensitive_attributes": [],
          "identity_schema_version": 0,
          "identity": {
            "account_id": "845573458351",
            "policy_arn": "arn:aws:iam::aws:policy/AmazonEKSClusterPolicy",
            "role": "day20-eks-cluster-20260322195052459900000002"
          },
          "private": "bnVsbA==",
          "dependencies": [
            "module.iam.aws_iam_role.cluster"
          ],
          "create_before_destroy": true
        }
      ]
    },
    {
      "module": "module.iam",
      "mode": "managed",
      "type": "aws_iam_role_policy_attachment",
      "name": "cluster_vpc_resource_controller",
      "provider": "provider[\"registry.terraform.io/hashicorp/aws\"]",
      "instances": [
        {
          "schema_version": 0,
          "attributes": {
            "id": "day20-eks-cluster-20260322195052459900000002/arn:aws:iam::aws:policy/AmazonEKSVPCResourceController",
            "policy_arn": "arn:aws:iam::aws:policy/AmazonEKSVPCResourceController",
            "role": "day20-eks-cluster-20260322195052459900000002"
          },
          "sensitive_attributes": [],
          "identity_schema_version": 0,
          "identity": {
            "account_id": "845573458351",
            "policy_arn": "arn:aws:iam::aws:policy/AmazonEKSVPCResourceController",
            "role": "day20-eks-cluster-20260322195052459900000002"
          },
          "private": "bnVsbA==",
          "dependencies": [
            "module.iam.aws_iam_role.cluster"
          ],
          "create_before_destroy": true
        }
      ]
    },
    {
      "module": "module.iam",
      "mode": "managed",
      "type": "aws_iam_role_policy_attachment",
      "name": "node_cni_policy",
      "provider": "provider[\"registry.terraform.io/hashicorp/aws\"]",
      "instances": [
        {
          "schema_version": 0,
          "attributes": {
            "id": "day20-eks-node-20260322195052459700000001/arn:aws:iam::aws:policy/AmazonEKS_CNI_Policy",
            "policy_arn": "arn:aws:iam::aws:policy/AmazonEKS_CNI_Policy",
            "role": "day20-eks-node-20260322195052459700000001"
          },
          "sensitive_attributes": [],
          "identity_schema_version": 0,
          "identity": {
            "account_id": "845573458351",
            "policy_arn": "arn:aws:iam::aws:policy/AmazonEKS_CNI_Policy",
            "role": "day20-eks-node-20260322195052459700000001"
          },
          "private": "bnVsbA==",
          "dependencies": [
            "module.iam.aws_iam_role.node_group"
          ],
          "create_before_destroy": true
        }
      ]
    },
    {
      "module": "module.iam",
      "mode": "managed",
      "type": "aws_iam_role_policy_attachment",
      "name": "node_registry_policy",
      "provider": "provider[\"registry.terraform.io/hashicorp/aws\"]",
      "instances": [
        {
          "schema_version": 0,
          "attributes": {
            "id": "day20-eks-node-20260322195052459700000001/arn:aws:iam::aws:policy/AmazonEC2ContainerRegistryReadOnly",
            "policy_arn": "arn:aws:iam::aws:policy/AmazonEC2ContainerRegistryReadOnly",
            "role": "day20-eks-node-20260322195052459700000001"
          },
          "sensitive_attributes": [],
          "identity_schema_version": 0,
          "identity": {
            "account_id": "845573458351",
            "policy_arn": "arn:aws:iam::aws:policy/AmazonEC2ContainerRegistryReadOnly",
            "role": "day20-eks-node-20260322195052459700000001"
          },
          "private": "bnVsbA==",
          "dependencies": [
            "module.iam.aws_iam_role.node_group"
          ],
          "create_before_destroy": true
        }
      ]
    },
    {
      "module": "module.iam",
      "mode": "managed",
      "type": "aws_iam_role_policy_attachment",
      "name": "node_worker_policy",
      "provider": "provider[\"registry.terraform.io/hashicorp/aws\"]",
      "instances": [
        {
          "schema_version": 0,
          "attributes": {
            "id": "day20-eks-node-20260322195052459700000001/arn:aws:iam::aws:policy/AmazonEKSWorkerNodePolicy",
            "policy_arn": "arn:aws:iam::aws:policy/AmazonEKSWorkerNodePolicy",
            "role": "day20-eks-node-20260322195052459700000001"
          },
          "sensitive_attributes": [],
          "identity_schema_version": 0,
          "identity": {
            "account_id": "845573458351",
            "policy_arn": "arn:aws:iam::aws:policy/AmazonEKSWorkerNodePolicy",
            "role": "day20-eks-node-20260322195052459700000001"
          },
          "private": "bnVsbA==",
          "dependencies": [
            "module.iam.aws_iam_role.node_group"
          ],
          "create_before_destroy": true
        }
      ]
    },
    {
      "module": "module.secrets_manager",
      "mode": "managed",
      "type": "aws_iam_policy",
      "name": "read_secrets",
      "provider": "provider[\"registry.terraform.io/hashicorp/aws\"]",
      "instances": []
    },
    {
      "module": "module.secrets_manager",
      "mode": "managed",
      "type": "aws_kms_alias",
      "name": "secrets",
      "provider": "provider[\"registry.terraform.io/hashicorp/aws\"]",
      "instances": []
    },
    {
      "module": "module.secrets_manager",
      "mode": "managed",
      "type": "aws_kms_key",
      "name": "secrets",
      "provider": "provider[\"registry.terraform.io/hashicorp/aws\"]",
      "instances": []
    },
    {
      "module": "module.secrets_manager",
      "mode": "managed",
      "type": "aws_secretsmanager_secret",
      "name": "api_keys",
      "provider": "provider[\"registry.terraform.io/hashicorp/aws\"]",
      "instances": []
    },
    {
      "module": "module.secrets_manager",
      "mode": "managed",
      "type": "aws_secretsmanager_secret",
      "name": "app_config",
      "provider": "provider[\"registry.terraform.io/hashicorp/aws\"]",
      "instances": []
    },
    {
      "module": "module.secrets_manager",
      "mode": "managed",
      "type": "aws_secretsmanager_secret",
      "name": "db_credentials",
      "provider": "provider[\"registry.terraform.io/hashicorp/aws\"]",
      "instances": []
    },
    {
      "module": "module.secrets_manager",
      "mode": "managed",
      "type": "aws_secretsmanager_secret_version",
      "name": "api_keys",
      "provider": "provider[\"registry.terraform.io/hashicorp/aws\"]",
      "instances": []
    },
    {
      "module": "module.secrets_manager",
      "mode": "managed",
      "type": "aws_secretsmanager_secret_version",
      "name": "app_config",
      "provider": "provider[\"registry.terraform.io/hashicorp/aws\"]",
      "instances": []
    },
    {
      "module": "module.secrets_manager",
      "mode": "managed",
      "type": "aws_secretsmanager_secret_version",
      "name": "db_credentials",
      "provider": "provider[\"registry.terraform.io/hashicorp/aws\"]",
      "instances": []
    },
    {
      "module": "module.vpc",
      "mode": "managed",
      "type": "aws_eip",
      "name": "nat",
      "provider": "provider[\"registry.terraform.io/hashicorp/aws\"]",
      "instances": [
        {
          "index_key": 0,
          "schema_version": 0,
          "attributes": {
            "address": null,
            "allocation_id": "eipalloc-0b5055239bfccf9ab",
            "arn": "arn:aws:ec2:us-east-1:845573458351:elastic-ip/eipalloc-0b5055239bfccf9ab",
            "associate_with_private_ip": null,
            "association_id": "",
            "carrier_ip": "",
            "customer_owned_ip": "",
            "customer_owned_ipv4_pool": "",
            "domain": "vpc",
            "id": "eipalloc-0b5055239bfccf9ab",
            "instance": "",
            "ipam_pool_id": null,
            "network_border_group": "us-east-1",
            "network_interface": "",
            "private_dns": null,
            "private_ip": "",
            "ptr_record": "",
            "public_dns": "ec2-3-225-25-107.compute-1.amazonaws.com",
            "public_ip": "3.225.25.107",
            "public_ipv4_pool": "amazon",
            "region": "us-east-1",
            "tags": {
              "Environment": "development",
              "Name": "day20-eks-nat-eip-1",
              "Project": "EKS-Day20",
              "Terraform": "true"
            },
            "tags_all": {
              "Environment": "development",
              "Name": "day20-eks-nat-eip-1",
              "Project": "EKS-Day20",
              "Terraform": "true"
            },
            "timeouts": null
          },
          "sensitive_attributes": [],
          "identity_schema_version": 0,
          "private": "eyJlMmJmYjczMC1lY2FhLTExZTYtOGY4OC0zNDM2M2JjN2M0YzAiOnsiZGVsZXRlIjoxODAwMDAwMDAwMDAsInJlYWQiOjkwMDAwMDAwMDAwMCwidXBkYXRlIjozMDAwMDAwMDAwMDB9fQ==",
          "dependencies": [
            "module.vpc.aws_internet_gateway.main",
            "module.vpc.aws_vpc.main"
          ]
        }
      ]
    },
    {
      "module": "module.vpc",
      "mode": "managed",
      "type": "aws_internet_gateway",
      "name": "main",
      "provider": "provider[\"registry.terraform.io/hashicorp/aws\"]",
      "instances": [
        {
          "schema_version": 0,
          "attributes": {
            "arn": "arn:aws:ec2:us-east-1:845573458351:internet-gateway/igw-02988f66b6fbb5aec",
            "id": "igw-02988f66b6fbb5aec",
            "owner_id": "845573458351",
            "region": "us-east-1",
            "tags": {
              "Environment": "development",
              "Name": "day20-eks-igw",
              "Project": "EKS-Day20",
              "Terraform": "true"
            },
            "tags_all": {
              "Environment": "development",
              "Name": "day20-eks-igw",
              "Project": "EKS-Day20",
              "Terraform": "true"
            },
            "timeouts": null,
            "vpc_id": "vpc-0b681d98e0cb7c51c"
          },
          "sensitive_attributes": [],
          "identity_schema_version": 0,
          "private": "eyJlMmJmYjczMC1lY2FhLTExZTYtOGY4OC0zNDM2M2JjN2M0YzAiOnsiY3JlYXRlIjoxMjAwMDAwMDAwMDAwLCJkZWxldGUiOjEyMDAwMDAwMDAwMDAsInVwZGF0ZSI6MTIwMDAwMDAwMDAwMH19",
          "dependencies": [
            "module.vpc.aws_vpc.main"
          ]
        }
      ]
    },
    {
      "module": "module.vpc",
      "mode": "managed",
      "type": "aws_nat_gateway",
      "name": "main",
      "provider": "provider[\"registry.terraform.io/hashicorp/aws\"]",
      "instances": [
        {
          "index_key": 0,
          "schema_version": 0,
          "attributes": {
            "allocation_id": "eipalloc-0b5055239bfccf9ab",
            "association_id": "eipassoc-0db27eaf1610f4c97",
            "auto_provision_zones": null,
            "auto_scaling_ips": null,
            "availability_mode": "zonal",
            "availability_zone_address": [],
            "connectivity_type": "public",
            "id": "nat-02aa5ca98b8aafedd",
            "network_interface_id": "eni-090989fed6b1a84ea",
            "private_ip": "10.0.101.54",
            "public_ip": "3.225.25.107",
            "region": "us-east-1",
            "regional_nat_gateway_address": [],
            "regional_nat_gateway_auto_mode": null,
            "route_table_id": null,
            "secondary_allocation_ids": [],
            "secondary_private_ip_address_count": 0,
            "secondary_private_ip_addresses": [],
            "subnet_id": "subnet-06e56c092fadbe65b",
            "tags": {
              "Environment": "development",
              "Name": "day20-eks-nat-1",
              "Project": "EKS-Day20",
              "Terraform": "true"
            },
            "tags_all": {
              "Environment": "development",
              "Name": "day20-eks-nat-1",
              "Project": "EKS-Day20",
              "Terraform": "true"
            },
            "timeouts": null,
            "vpc_id": "vpc-0b681d98e0cb7c51c"
          },
          "sensitive_attributes": [],
          "identity_schema_version": 0,
          "private": "eyJlMmJmYjczMC1lY2FhLTExZTYtOGY4OC0zNDM2M2JjN2M0YzAiOnsiY3JlYXRlIjo2MDAwMDAwMDAwMDAsImRlbGV0ZSI6MTgwMDAwMDAwMDAwMCwidXBkYXRlIjo2MDAwMDAwMDAwMDB9fQ==",
          "dependencies": [
            "data.aws_availability_zones.available",
            "module.vpc.aws_eip.nat",
            "module.vpc.aws_internet_gateway.main",
            "module.vpc.aws_subnet.public",
            "module.vpc.aws_vpc.main"
          ]
        }
      ]
    },
    {
      "module": "module.vpc",
      "mode": "managed",
      "type": "aws_route",
      "name": "private_nat_gateway",
      "provider": "provider[\"registry.terraform.io/hashicorp/aws\"]",
      "instances": [
        {
          "index_key": 0,
          "schema_version": 0,
          "attributes": {
            "carrier_gateway_id": "",
            "core_network_arn": "",
            "destination_cidr_block": "0.0.0.0/0",
            "destination_ipv6_cidr_block": "",
            "destination_prefix_list_id": "",
            "egress_only_gateway_id": "",
            "gateway_id": "",
            "id": "r-rtb-032932c36eb9e904d1080289494",
            "instance_id": "",
            "instance_owner_id": "",
            "local_gateway_id": "",
            "nat_gateway_id": "nat-02aa5ca98b8aafedd",
            "network_interface_id": "",
            "origin": "CreateRoute",
            "region": "us-east-1",
            "route_table_id": "rtb-032932c36eb9e904d",
            "state": "active",
            "timeouts": null,
            "transit_gateway_id": "",
            "vpc_endpoint_id": "",
            "vpc_peering_connection_id": ""
          },
          "sensitive_attributes": [],
          "identity_schema_version": 0,
          "identity": {
            "account_id": "845573458351",
            "destination_cidr_block": "0.0.0.0/0",
            "destination_ipv6_cidr_block": null,
            "destination_prefix_list_id": null,
            "region": "us-east-1",
            "route_table_id": "rtb-032932c36eb9e904d"
          },
          "private": "eyJlMmJmYjczMC1lY2FhLTExZTYtOGY4OC0zNDM2M2JjN2M0YzAiOnsiY3JlYXRlIjozMDAwMDAwMDAwMDAsImRlbGV0ZSI6MzAwMDAwMDAwMDAwLCJ1cGRhdGUiOjEyMDAwMDAwMDAwMH19",
          "dependencies": [
            "data.aws_availability_zones.available",
            "module.vpc.aws_eip.nat",
            "module.vpc.aws_internet_gateway.main",
            "module.vpc.aws_nat_gateway.main",
            "module.vpc.aws_route_table.private",
            "module.vpc.aws_subnet.public",
            "module.vpc.aws_vpc.main"
          ]
        }
      ]
    },
    {
      "module": "module.vpc",
      "mode": "managed",
      "type": "aws_route",
      "name": "public_internet_gateway",
      "provider": "provider[\"registry.terraform.io/hashicorp/aws\"]",
      "instances": [
        {
          "schema_version": 0,
          "attributes": {
            "carrier_gateway_id": "",
            "core_network_arn": "",
            "destination_cidr_block": "0.0.0.0/0",
            "destination_ipv6_cidr_block": "",
            "destination_prefix_list_id": "",
            "egress_only_gateway_id": "",
            "gateway_id": "igw-02988f66b6fbb5aec",
            "id": "r-rtb-0a42573acd1832b651080289494",
            "instance_id": "",
            "instance_owner_id": "",
            "local_gateway_id": "",
            "nat_gateway_id": "",
            "network_interface_id": "",
            "origin": "CreateRoute",
            "region": "us-east-1",
            "route_table_id": "rtb-0a42573acd1832b65",
            "state": "active",
            "timeouts": null,
            "transit_gateway_id": "",
            "vpc_endpoint_id": "",
            "vpc_peering_connection_id": ""
          },
          "sensitive_attributes": [],
          "identity_schema_version": 0,
          "identity": {
            "account_id": "845573458351",
            "destination_cidr_block": "0.0.0.0/0",
            "destination_ipv6_cidr_block": null,
            "destination_prefix_list_id": null,
            "region": "us-east-1",
            "route_table_id": "rtb-0a42573acd1832b65"
          },
          "private": "eyJlMmJmYjczMC1lY2FhLTExZTYtOGY4OC0zNDM2M2JjN2M0YzAiOnsiY3JlYXRlIjozMDAwMDAwMDAwMDAsImRlbGV0ZSI6MzAwMDAwMDAwMDAwLCJ1cGRhdGUiOjEyMDAwMDAwMDAwMH19",
          "dependencies": [
            "module.vpc.aws_internet_gateway.main",
            "module.vpc.aws_route_table.public",
            "module.vpc.aws_vpc.main"
          ]
        }
      ]
    },
    {
      "module": "module.vpc",
      "mode": "managed",
      "type": "aws_route_table",
      "name": "private",
      "provider": "provider[\"registry.terraform.io/hashicorp/aws\"]",
      "instances": [
        {
          "index_key": 0,
          "schema_version": 0,
          "attributes": {
            "arn": "arn:aws:ec2:us-east-1:845573458351:route-table/rtb-032932c36eb9e904d",
            "id": "rtb-032932c36eb9e904d",
            "owner_id": "845573458351",
            "propagating_vgws": [],
            "region": "us-east-1",
            "route": [],
            "tags": {
              "Environment": "development",
              "Name": "day20-eks-private-rt-1",
              "Project": "EKS-Day20",
              "Terraform": "true"
            },
            "tags_all": {
              "Environment": "development",
              "Name": "day20-eks-private-rt-1",
              "Project": "EKS-Day20",
              "Terraform": "true"
            },
            "timeouts": null,
            "vpc_id": "vpc-0b681d98e0cb7c51c"
          },
          "sensitive_attributes": [],
          "identity_schema_version": 0,
          "identity": {
            "account_id": "845573458351",
            "id": "rtb-032932c36eb9e904d",
            "region": "us-east-1"
          },
          "private": "eyJlMmJmYjczMC1lY2FhLTExZTYtOGY4OC0zNDM2M2JjN2M0YzAiOnsiY3JlYXRlIjozMDAwMDAwMDAwMDAsImRlbGV0ZSI6MzAwMDAwMDAwMDAwLCJ1cGRhdGUiOjEyMDAwMDAwMDAwMH19",
          "dependencies": [
            "module.vpc.aws_vpc.main"
          ]
        }
      ]
    },
    {
      "module": "module.vpc",
      "mode": "managed",
      "type": "aws_route_table",
      "name": "public",
      "provider": "provider[\"registry.terraform.io/hashicorp/aws\"]",
      "instances": [
        {
          "schema_version": 0,
          "attributes": {
            "arn": "arn:aws:ec2:us-east-1:845573458351:route-table/rtb-0a42573acd1832b65",
            "id": "rtb-0a42573acd1832b65",
            "owner_id": "845573458351",
            "propagating_vgws": [],
            "region": "us-east-1",
            "route": [],
            "tags": {
              "Environment": "development",
              "Name": "day20-eks-public-rt",
              "Project": "EKS-Day20",
              "Terraform": "true"
            },
            "tags_all": {
              "Environment": "development",
              "Name": "day20-eks-public-rt",
              "Project": "EKS-Day20",
              "Terraform": "true"
            },
            "timeouts": null,
            "vpc_id": "vpc-0b681d98e0cb7c51c"
          },
          "sensitive_attributes": [],
          "identity_schema_version": 0,
          "identity": {
            "account_id": "845573458351",
            "id": "rtb-0a42573acd1832b65",
            "region": "us-east-1"
          },
          "private": "eyJlMmJmYjczMC1lY2FhLTExZTYtOGY4OC0zNDM2M2JjN2M0YzAiOnsiY3JlYXRlIjozMDAwMDAwMDAwMDAsImRlbGV0ZSI6MzAwMDAwMDAwMDAwLCJ1cGRhdGUiOjEyMDAwMDAwMDAwMH19",
          "dependencies": [
            "module.vpc.aws_vpc.main"
          ]
        }
      ]
    },
    {
      "module": "module.vpc",
      "mode": "managed",
      "type": "aws_route_table_association",
      "name": "private",
      "provider": "provider[\"registry.terraform.io/hashicorp/aws\"]",
      "instances": [
        {
          "index_key": 0,
          "schema_version": 0,
          "attributes": {
            "gateway_id": "",
            "id": "rtbassoc-0b472efad34c783d6",
            "region": "us-east-1",
            "route_table_id": "rtb-032932c36eb9e904d",
            "subnet_id": "subnet-0ab3f70b6d9d63919",
            "timeouts": null
          },
          "sensitive_attributes": [],
          "identity_schema_version": 0,
          "private": "eyJlMmJmYjczMC1lY2FhLTExZTYtOGY4OC0zNDM2M2JjN2M0YzAiOnsiY3JlYXRlIjozMDAwMDAwMDAwMDAsImRlbGV0ZSI6MzAwMDAwMDAwMDAwLCJ1cGRhdGUiOjEyMDAwMDAwMDAwMH19",
          "dependencies": [
            "data.aws_availability_zones.available",
            "module.vpc.aws_route_table.private",
            "module.vpc.aws_subnet.private",
            "module.vpc.aws_vpc.main"
          ]
        },
        {
          "index_key": 1,
          "schema_version": 0,
          "attributes": {
            "gateway_id": "",
            "id": "rtbassoc-0d2a7b73adee50212",
            "region": "us-east-1",
            "route_table_id": "rtb-032932c36eb9e904d",
            "subnet_id": "subnet-02530385370d59e9e",
            "timeouts": null
          },
          "sensitive_attributes": [],
          "identity_schema_version": 0,
          "private": "eyJlMmJmYjczMC1lY2FhLTExZTYtOGY4OC0zNDM2M2JjN2M0YzAiOnsiY3JlYXRlIjozMDAwMDAwMDAwMDAsImRlbGV0ZSI6MzAwMDAwMDAwMDAwLCJ1cGRhdGUiOjEyMDAwMDAwMDAwMH19",
          "dependencies": [
            "data.aws_availability_zones.available",
            "module.vpc.aws_route_table.private",
            "module.vpc.aws_subnet.private",
            "module.vpc.aws_vpc.main"
          ]
        },
        {
          "index_key": 2,
          "schema_version": 0,
          "attributes": {
            "gateway_id": "",
            "id": "rtbassoc-074e4635006eecbf9",
            "region": "us-east-1",
            "route_table_id": "rtb-032932c36eb9e904d",
            "subnet_id": "subnet-0be9ef4340f007259",
            "timeouts": null
          },
          "sensitive_attributes": [],
          "identity_schema_version": 0,
          "private": "eyJlMmJmYjczMC1lY2FhLTExZTYtOGY4OC0zNDM2M2JjN2M0YzAiOnsiY3JlYXRlIjozMDAwMDAwMDAwMDAsImRlbGV0ZSI6MzAwMDAwMDAwMDAwLCJ1cGRhdGUiOjEyMDAwMDAwMDAwMH19",
          "dependencies": [
            "data.aws_availability_zones.available",
            "module.vpc.aws_route_table.private",
            "module.vpc.aws_subnet.private",
            "module.vpc.aws_vpc.main"
          ]
        }
      ]
    },
    {
      "module": "module.vpc",
      "mode": "managed",
      "type": "aws_route_table_association",
      "name": "public",
      "provider": "provider[\"registry.terraform.io/hashicorp/aws\"]",
      "instances": [
        {
          "index_key": 0,
          "schema_version": 0,
          "attributes": {
            "gateway_id": "",
            "id": "rtbassoc-0c141ccadee5f959d",
            "region": "us-east-1",
            "route_table_id": "rtb-0a42573acd1832b65",
            "subnet_id": "subnet-06e56c092fadbe65b",
            "timeouts": null
          },
          "sensitive_attributes": [],
          "identity_schema_version": 0,
          "private": "eyJlMmJmYjczMC1lY2FhLTExZTYtOGY4OC0zNDM2M2JjN2M0YzAiOnsiY3JlYXRlIjozMDAwMDAwMDAwMDAsImRlbGV0ZSI6MzAwMDAwMDAwMDAwLCJ1cGRhdGUiOjEyMDAwMDAwMDAwMH19",
          "dependencies": [
            "data.aws_availability_zones.available",
            "module.vpc.aws_route_table.public",
            "module.vpc.aws_subnet.public",
            "module.vpc.aws_vpc.main"
          ]
        },
        {
          "index_key": 1,
          "schema_version": 0,
          "attributes": {
            "gateway_id": "",
            "id": "rtbassoc-0ff7eb23bd304bb3b",
            "region": "us-east-1",
            "route_table_id": "rtb-0a42573acd1832b65",
            "subnet_id": "subnet-0c1f0ce3c765540b2",
            "timeouts": null
          },
          "sensitive_attributes": [],
          "identity_schema_version": 0,
          "private": "eyJlMmJmYjczMC1lY2FhLTExZTYtOGY4OC0zNDM2M2JjN2M0YzAiOnsiY3JlYXRlIjozMDAwMDAwMDAwMDAsImRlbGV0ZSI6MzAwMDAwMDAwMDAwLCJ1cGRhdGUiOjEyMDAwMDAwMDAwMH19",
          "dependencies": [
            "data.aws_availability_zones.available",
            "module.vpc.aws_route_table.public",
            "module.vpc.aws_subnet.public",
            "module.vpc.aws_vpc.main"
          ]
        },
        {
          "index_key": 2,
          "schema_version": 0,
          "attributes": {
            "gateway_id": "",
            "id": "rtbassoc-0f3b80d46a60da33f",
            "region": "us-east-1",
            "route_table_id": "rtb-0a42573acd1832b65",
            "subnet_id": "subnet-082d54262d8339447",
            "timeouts": null
          },
          "sensitive_attributes": [],
          "identity_schema_version": 0,
          "private": "eyJlMmJmYjczMC1lY2FhLTExZTYtOGY4OC0zNDM2M2JjN2M0YzAiOnsiY3JlYXRlIjozMDAwMDAwMDAwMDAsImRlbGV0ZSI6MzAwMDAwMDAwMDAwLCJ1cGRhdGUiOjEyMDAwMDAwMDAwMH19",
          "dependencies": [
            "data.aws_availability_zones.available",
            "module.vpc.aws_route_table.public",
            "module.vpc.aws_subnet.public",
            "module.vpc.aws_vpc.main"
          ]
        }
      ]
    },
    {
      "module": "module.vpc",
      "mode": "managed",
      "type": "aws_subnet",
      "name": "private",
      "provider": "provider[\"registry.terraform.io/hashicorp/aws\"]",
      "instances": [
        {
          "index_key": 0,
          "schema_version": 1,
          "attributes": {
            "arn": "arn:aws:ec2:us-east-1:845573458351:subnet/subnet-0ab3f70b6d9d63919",
            "assign_ipv6_address_on_creation": false,
            "availability_zone": "us-east-1a",
            "availability_zone_id": "use1-az1",
            "cidr_block": "10.0.1.0/24",
            "customer_owned_ipv4_pool": "",
            "enable_dns64": false,
            "enable_lni_at_device_index": 0,
            "enable_resource_name_dns_a_record_on_launch": false,
            "enable_resource_name_dns_aaaa_record_on_launch": false,
            "id": "subnet-0ab3f70b6d9d63919",
            "ipv4_ipam_pool_id": null,
            "ipv4_netmask_length": null,
            "ipv6_cidr_block": "",
            "ipv6_cidr_block_association_id": "",
            "ipv6_ipam_pool_id": null,
            "ipv6_native": false,
            "ipv6_netmask_length": null,
            "map_customer_owned_ip_on_launch": false,
            "map_public_ip_on_launch": false,
            "outpost_arn": "",
            "owner_id": "845573458351",
            "private_dns_hostname_type_on_launch": "ip-name",
            "region": "us-east-1",
            "tags": {
              "Environment": "development",
              "Name": "day20-eks-private-us-east-1a",
              "Project": "EKS-Day20",
              "Terraform": "true",
              "Type": "private",
              "kubernetes.io/cluster/day20-eks": "shared",
              "kubernetes.io/role/internal-elb": "1"
            },
            "tags_all": {
              "Environment": "development",
              "Name": "day20-eks-private-us-east-1a",
              "Project": "EKS-Day20",
              "Terraform": "true",
              "Type": "private",
              "kubernetes.io/cluster/day20-eks": "shared",
              "kubernetes.io/role/internal-elb": "1"
            },
            "timeouts": null,
            "vpc_id": "vpc-0b681d98e0cb7c51c"
          },
          "sensitive_attributes": [],
          "identity_schema_version": 0,
          "identity": {
            "account_id": "845573458351",
            "id": "subnet-0ab3f70b6d9d63919",
            "region": "us-east-1"
          },
          "private": "eyJlMmJmYjczMC1lY2FhLTExZTYtOGY4OC0zNDM2M2JjN2M0YzAiOnsiY3JlYXRlIjo2MDAwMDAwMDAwMDAsImRlbGV0ZSI6MTIwMDAwMDAwMDAwMH0sInNjaGVtYV92ZXJzaW9uIjoiMSJ9",
          "dependencies": [
            "data.aws_availability_zones.available",
            "module.vpc.aws_vpc.main"
          ]
        },
        {
          "index_key": 1,
          "schema_version": 1,
          "attributes": {
            "arn": "arn:aws:ec2:us-east-1:845573458351:subnet/subnet-02530385370d59e9e",
            "assign_ipv6_address_on_creation": false,
            "availability_zone": "us-east-1b",
            "availability_zone_id": "use1-az2",
            "cidr_block": "10.0.2.0/24",
            "customer_owned_ipv4_pool": "",
            "enable_dns64": false,
            "enable_lni_at_device_index": 0,
            "enable_resource_name_dns_a_record_on_launch": false,
            "enable_resource_name_dns_aaaa_record_on_launch": false,
            "id": "subnet-02530385370d59e9e",
            "ipv4_ipam_pool_id": null,
            "ipv4_netmask_length": null,
            "ipv6_cidr_block": "",
            "ipv6_cidr_block_association_id": "",
            "ipv6_ipam_pool_id": null,
            "ipv6_native": false,
            "ipv6_netmask_length": null,
            "map_customer_owned_ip_on_launch": false,
            "map_public_ip_on_launch": false,
            "outpost_arn": "",
            "owner_id": "845573458351",
            "private_dns_hostname_type_on_launch": "ip-name",
            "region": "us-east-1",
            "tags": {
              "Environment": "development",
              "Name": "day20-eks-private-us-east-1b",
              "Project": "EKS-Day20",
              "Terraform": "true",
              "Type": "private",
              "kubernetes.io/cluster/day20-eks": "shared",
              "kubernetes.io/role/internal-elb": "1"
            },
            "tags_all": {
              "Environment": "development",
              "Name": "day20-eks-private-us-east-1b",
              "Project": "EKS-Day20",
              "Terraform": "true",
              "Type": "private",
              "kubernetes.io/cluster/day20-eks": "shared",
              "kubernetes.io/role/internal-elb": "1"
            },
            "timeouts": null,
            "vpc_id": "vpc-0b681d98e0cb7c51c"
          },
          "sensitive_attributes": [],
          "identity_schema_version": 0,
          "identity": {
            "account_id": "845573458351",
            "id": "subnet-02530385370d59e9e",
            "region": "us-east-1"
          },
          "private": "eyJlMmJmYjczMC1lY2FhLTExZTYtOGY4OC0zNDM2M2JjN2M0YzAiOnsiY3JlYXRlIjo2MDAwMDAwMDAwMDAsImRlbGV0ZSI6MTIwMDAwMDAwMDAwMH0sInNjaGVtYV92ZXJzaW9uIjoiMSJ9",
          "dependencies": [
            "data.aws_availability_zones.available",
            "module.vpc.aws_vpc.main"
          ]
        },
        {
          "index_key": 2,
          "schema_version": 1,
          "attributes": {
            "arn": "arn:aws:ec2:us-east-1:845573458351:subnet/subnet-0be9ef4340f007259",
            "assign_ipv6_address_on_creation": false,
            "availability_zone": "us-east-1c",
            "availability_zone_id": "use1-az4",
            "cidr_block": "10.0.3.0/24",
            "customer_owned_ipv4_pool": "",
            "enable_dns64": false,
            "enable_lni_at_device_index": 0,
            "enable_resource_name_dns_a_record_on_launch": false,
            "enable_resource_name_dns_aaaa_record_on_launch": false,
            "id": "subnet-0be9ef4340f007259",
            "ipv4_ipam_pool_id": null,
            "ipv4_netmask_length": null,
            "ipv6_cidr_block": "",
            "ipv6_cidr_block_association_id": "",
            "ipv6_ipam_pool_id": null,
            "ipv6_native": false,
            "ipv6_netmask_length": null,
            "map_customer_owned_ip_on_launch": false,
            "map_public_ip_on_launch": false,
            "outpost_arn": "",
            "owner_id": "845573458351",
            "private_dns_hostname_type_on_launch": "ip-name",
            "region": "us-east-1",
            "tags": {
              "Environment": "development",
              "Name": "day20-eks-private-us-east-1c",
              "Project": "EKS-Day20",
              "Terraform": "true",
              "Type": "private",
              "kubernetes.io/cluster/day20-eks": "shared",
              "kubernetes.io/role/internal-elb": "1"
            },
            "tags_all": {
              "Environment": "development",
              "Name": "day20-eks-private-us-east-1c",
              "Project": "EKS-Day20",
              "Terraform": "true",
              "Type": "private",
              "kubernetes.io/cluster/day20-eks": "shared",
              "kubernetes.io/role/internal-elb": "1"
            },
            "timeouts": null,
            "vpc_id": "vpc-0b681d98e0cb7c51c"
          },
          "sensitive_attributes": [],
          "identity_schema_version": 0,
          "identity": {
            "account_id": "845573458351",
            "id": "subnet-0be9ef4340f007259",
            "region": "us-east-1"
          },
          "private": "eyJlMmJmYjczMC1lY2FhLTExZTYtOGY4OC0zNDM2M2JjN2M0YzAiOnsiY3JlYXRlIjo2MDAwMDAwMDAwMDAsImRlbGV0ZSI6MTIwMDAwMDAwMDAwMH0sInNjaGVtYV92ZXJzaW9uIjoiMSJ9",
          "dependencies": [
            "data.aws_availability_zones.available",
            "module.vpc.aws_vpc.main"
          ]
        }
      ]
    },
    {
      "module": "module.vpc",
      "mode": "managed",
      "type": "aws_subnet",
      "name": "public",
      "provider": "provider[\"registry.terraform.io/hashicorp/aws\"]",
      "instances": [
        {
          "index_key": 0,
          "schema_version": 1,
          "attributes": {
            "arn": "arn:aws:ec2:us-east-1:845573458351:subnet/subnet-06e56c092fadbe65b",
            "assign_ipv6_address_on_creation": false,
            "availability_zone": "us-east-1a",
            "availability_zone_id": "use1-az1",
            "cidr_block": "10.0.101.0/24",
            "customer_owned_ipv4_pool": "",
            "enable_dns64": false,
            "enable_lni_at_device_index": 0,
            "enable_resource_name_dns_a_record_on_launch": false,
            "enable_resource_name_dns_aaaa_record_on_launch": false,
            "id": "subnet-06e56c092fadbe65b",
            "ipv4_ipam_pool_id": null,
            "ipv4_netmask_length": null,
            "ipv6_cidr_block": "",
            "ipv6_cidr_block_association_id": "",
            "ipv6_ipam_pool_id": null,
            "ipv6_native": false,
            "ipv6_netmask_length": null,
            "map_customer_owned_ip_on_launch": false,
            "map_public_ip_on_launch": true,
            "outpost_arn": "",
            "owner_id": "845573458351",
            "private_dns_hostname_type_on_launch": "ip-name",
            "region": "us-east-1",
            "tags": {
              "Environment": "development",
              "Name": "day20-eks-public-us-east-1a",
              "Project": "EKS-Day20",
              "Terraform": "true",
              "Type": "public",
              "kubernetes.io/cluster/day20-eks": "shared",
              "kubernetes.io/role/elb": "1"
            },
            "tags_all": {
              "Environment": "development",
              "Name": "day20-eks-public-us-east-1a",
              "Project": "EKS-Day20",
              "Terraform": "true",
              "Type": "public",
              "kubernetes.io/cluster/day20-eks": "shared",
              "kubernetes.io/role/elb": "1"
            },
            "timeouts": null,
            "vpc_id": "vpc-0b681d98e0cb7c51c"
          },
          "sensitive_attributes": [],
          "identity_schema_version": 0,
          "identity": {
            "account_id": "845573458351",
            "id": "subnet-06e56c092fadbe65b",
            "region": "us-east-1"
          },
          "private": "eyJlMmJmYjczMC1lY2FhLTExZTYtOGY4OC0zNDM2M2JjN2M0YzAiOnsiY3JlYXRlIjo2MDAwMDAwMDAwMDAsImRlbGV0ZSI6MTIwMDAwMDAwMDAwMH0sInNjaGVtYV92ZXJzaW9uIjoiMSJ9",
          "dependencies": [
            "data.aws_availability_zones.available",
            "module.vpc.aws_vpc.main"
          ]
        },
        {
          "index_key": 1,
          "schema_version": 1,
          "attributes": {
            "arn": "arn:aws:ec2:us-east-1:845573458351:subnet/subnet-0c1f0ce3c765540b2",
            "assign_ipv6_address_on_creation": false,
            "availability_zone": "us-east-1b",
            "availability_zone_id": "use1-az2",
            "cidr_block": "10.0.102.0/24",
            "customer_owned_ipv4_pool": "",
            "enable_dns64": false,
            "enable_lni_at_device_index": 0,
            "enable_resource_name_dns_a_record_on_launch": false,
            "enable_resource_name_dns_aaaa_record_on_launch": false,
            "id": "subnet-0c1f0ce3c765540b2",
            "ipv4_ipam_pool_id": null,
            "ipv4_netmask_length": null,
            "ipv6_cidr_block": "",
            "ipv6_cidr_block_association_id": "",
            "ipv6_ipam_pool_id": null,
            "ipv6_native": false,
            "ipv6_netmask_length": null,
            "map_customer_owned_ip_on_launch": false,
            "map_public_ip_on_launch": true,
            "outpost_arn": "",
            "owner_id": "845573458351",
            "private_dns_hostname_type_on_launch": "ip-name",
            "region": "us-east-1",
            "tags": {
              "Environment": "development",
              "Name": "day20-eks-public-us-east-1b",
              "Project": "EKS-Day20",
              "Terraform": "true",
              "Type": "public",
              "kubernetes.io/cluster/day20-eks": "shared",
              "kubernetes.io/role/elb": "1"
            },
            "tags_all": {
              "Environment": "development",
              "Name": "day20-eks-public-us-east-1b",
              "Project": "EKS-Day20",
              "Terraform": "true",
              "Type": "public",
              "kubernetes.io/cluster/day20-eks": "shared",
              "kubernetes.io/role/elb": "1"
            },
            "timeouts": null,
            "vpc_id": "vpc-0b681d98e0cb7c51c"
          },
          "sensitive_attributes": [],
          "identity_schema_version": 0,
          "identity": {
            "account_id": "845573458351",
            "id": "subnet-0c1f0ce3c765540b2",
            "region": "us-east-1"
          },
          "private": "eyJlMmJmYjczMC1lY2FhLTExZTYtOGY4OC0zNDM2M2JjN2M0YzAiOnsiY3JlYXRlIjo2MDAwMDAwMDAwMDAsImRlbGV0ZSI6MTIwMDAwMDAwMDAwMH0sInNjaGVtYV92ZXJzaW9uIjoiMSJ9",
          "dependencies": [
            "data.aws_availability_zones.available",
            "module.vpc.aws_vpc.main"
          ]
        },
        {
          "index_key": 2,
          "schema_version": 1,
          "attributes": {
            "arn": "arn:aws:ec2:us-east-1:845573458351:subnet/subnet-082d54262d8339447",
            "assign_ipv6_address_on_creation": false,
            "availability_zone": "us-east-1c",
            "availability_zone_id": "use1-az4",
            "cidr_block": "10.0.103.0/24",
            "customer_owned_ipv4_pool": "",
            "enable_dns64": false,
            "enable_lni_at_device_index": 0,
            "enable_resource_name_dns_a_record_on_launch": false,
            "enable_resource_name_dns_aaaa_record_on_launch": false,
            "id": "subnet-082d54262d8339447",
            "ipv4_ipam_pool_id": null,
            "ipv4_netmask_length": null,
            "ipv6_cidr_block": "",
            "ipv6_cidr_block_association_id": "",
            "ipv6_ipam_pool_id": null,
            "ipv6_native": false,
            "ipv6_netmask_length": null,
            "map_customer_owned_ip_on_launch": false,
            "map_public_ip_on_launch": true,
            "outpost_arn": "",
            "owner_id": "845573458351",
            "private_dns_hostname_type_on_launch": "ip-name",
            "region": "us-east-1",
            "tags": {
              "Environment": "development",
              "Name": "day20-eks-public-us-east-1c",
              "Project": "EKS-Day20",
              "Terraform": "true",
              "Type": "public",
              "kubernetes.io/cluster/day20-eks": "shared",
              "kubernetes.io/role/elb": "1"
            },
            "tags_all": {
              "Environment": "development",
              "Name": "day20-eks-public-us-east-1c",
              "Project": "EKS-Day20",
              "Terraform": "true",
              "Type": "public",
              "kubernetes.io/cluster/day20-eks": "shared",
              "kubernetes.io/role/elb": "1"
            },
            "timeouts": null,
            "vpc_id": "vpc-0b681d98e0cb7c51c"
          },
          "sensitive_attributes": [],
          "identity_schema_version": 0,
          "identity": {
            "account_id": "845573458351",
            "id": "subnet-082d54262d8339447",
            "region": "us-east-1"
          },
          "private": "eyJlMmJmYjczMC1lY2FhLTExZTYtOGY4OC0zNDM2M2JjN2M0YzAiOnsiY3JlYXRlIjo2MDAwMDAwMDAwMDAsImRlbGV0ZSI6MTIwMDAwMDAwMDAwMH0sInNjaGVtYV92ZXJzaW9uIjoiMSJ9",
          "dependencies": [
            "data.aws_availability_zones.available",
            "module.vpc.aws_vpc.main"
          ]
        }
      ]
    },
    {
      "module": "module.vpc",
      "mode": "managed",
      "type": "aws_vpc",
      "name": "main",
      "provider": "provider[\"registry.terraform.io/hashicorp/aws\"]",
      "instances": [
        {
          "schema_version": 1,
          "attributes": {
            "arn": "arn:aws:ec2:us-east-1:845573458351:vpc/vpc-0b681d98e0cb7c51c",
            "assign_generated_ipv6_cidr_block": false,
            "cidr_block": "10.0.0.0/16",
            "default_network_acl_id": "acl-069be8f0290601dd4",
            "default_route_table_id": "rtb-053eace74b6f0957f",
            "default_security_group_id": "sg-048d460ef90615dff",
            "dhcp_options_id": "dopt-0ab56fb04f4f5f99a",
            "enable_dns_hostnames": true,
            "enable_dns_support": true,
            "enable_network_address_usage_metrics": false,
            "id": "vpc-0b681d98e0cb7c51c",
            "instance_tenancy": "default",
            "ipv4_ipam_pool_id": null,
            "ipv4_netmask_length": null,
            "ipv6_association_id": "",
            "ipv6_cidr_block": "",
            "ipv6_cidr_block_network_border_group": "",
            "ipv6_ipam_pool_id": "",
            "ipv6_netmask_length": 0,
            "main_route_table_id": "rtb-053eace74b6f0957f",
            "owner_id": "845573458351",
            "region": "us-east-1",
            "tags": {
              "Environment": "development",
              "Name": "day20-eks-vpc",
              "Project": "EKS-Day20",
              "Terraform": "true"
            },
            "tags_all": {
              "Environment": "development",
              "Name": "day20-eks-vpc",
              "Project": "EKS-Day20",
              "Terraform": "true"
            }
          },
          "sensitive_attributes": [],
          "identity_schema_version": 0,
          "identity": {
            "account_id": "845573458351",
            "id": "vpc-0b681d98e0cb7c51c",
            "region": "us-east-1"
          },
          "private": "eyJzY2hlbWFfdmVyc2lvbiI6IjEifQ==",
          "create_before_destroy": true
        }
      ]
    }
  ],
  "check_results": null
}
